// !$*UTF8*$!
{
	archiveVersion = 1;
	classes = {
	};
	objectVersion = 56;
	objects = {

/* Begin PBXBuildFile section */
		1605C2402CA02F3F00725749 /* excuteAction.swift in Sources */ = {isa = PBXBuildFile; fileRef = 1605C23F2CA02F3B00725749 /* excuteAction.swift */; };
		1605C2412CA02F3F00725749 /* excuteAction.swift in Sources */ = {isa = PBXBuildFile; fileRef = 1605C23F2CA02F3B00725749 /* excuteAction.swift */; };
		1605C2462CA02F5500725749 /* sharePlay.swift in Sources */ = {isa = PBXBuildFile; fileRef = 1605C2452CA02F5100725749 /* sharePlay.swift */; };
		1605C2472CA02F5500725749 /* sharePlay.swift in Sources */ = {isa = PBXBuildFile; fileRef = 1605C2452CA02F5100725749 /* sharePlay.swift */; };
		1605C2492CA02F5A00725749 /* rest.swift in Sources */ = {isa = PBXBuildFile; fileRef = 1605C2482CA02F5800725749 /* rest.swift */; };
		1605C24A2CA02F5A00725749 /* rest.swift in Sources */ = {isa = PBXBuildFile; fileRef = 1605C2482CA02F5800725749 /* rest.swift */; };
		1605C24B2CA1539300725749 /* Entities.swift in Sources */ = {isa = PBXBuildFile; fileRef = 16428EB32C9FAA2600E93B86 /* Entities.swift */; };
		161774672CCFB0020075E8F0 /* ChessView_2DMode.swift in Sources */ = {isa = PBXBuildFile; fileRef = 162145882CBD0B9F00A6A87E /* ChessView_2DMode.swift */; };
		161774682CCFB0360075E8F0 /* PieceView_2DMode.swift in Sources */ = {isa = PBXBuildFile; fileRef = 1621458D2CBD1FC300A6A87E /* PieceView_2DMode.swift */; };
		161774692CCFB0B80075E8F0 /* SquareView_2DMode.swift in Sources */ = {isa = PBXBuildFile; fileRef = 1621458B2CBD1F9600A6A87E /* SquareView_2DMode.swift */; };
		1619528C2CBC9CA600E6F171 /* PieceEntity.swift in Sources */ = {isa = PBXBuildFile; fileRef = 1671A1602B72354F009A87A6 /* PieceEntity.swift */; };
		161A13922C96733B0075C57B /* AboutOptionsMenu.swift in Sources */ = {isa = PBXBuildFile; fileRef = 161A13912C96733B0075C57B /* AboutOptionsMenu.swift */; };
		161A13942C9674320075C57B /* AboutAppLink.swift in Sources */ = {isa = PBXBuildFile; fileRef = 161A13932C9674320075C57B /* AboutAppLink.swift */; };
		161A13972C9674990075C57B /* WhatsPersonaMenu.swift in Sources */ = {isa = PBXBuildFile; fileRef = 161A13952C9674990075C57B /* WhatsPersonaMenu.swift */; };
		161A13982C9674990075C57B /* WhatsSharePlayMenu.swift in Sources */ = {isa = PBXBuildFile; fileRef = 161A13962C9674990075C57B /* WhatsSharePlayMenu.swift */; };
		162145872CBD070900A6A87E /* handleInteraction.swift in Sources */ = {isa = PBXBuildFile; fileRef = 16B70FCB2CA41E6400DF33C9 /* handleInteraction.swift */; };
		162145902CBFD0C700A6A87E /* PieceAnimation.swift in Sources */ = {isa = PBXBuildFile; fileRef = 1621458F2CBFD0C200A6A87E /* PieceAnimation.swift */; };
		162145912CBFD0C700A6A87E /* PieceAnimation.swift in Sources */ = {isa = PBXBuildFile; fileRef = 1621458F2CBFD0C200A6A87E /* PieceAnimation.swift */; };
		16261D672C8D1E6400C2822C /* GuideMenuView.swift in Sources */ = {isa = PBXBuildFile; fileRef = 16261D662C8D1E6200C2822C /* GuideMenuView.swift */; };
		16261D742C8D61FE00C2822C /* OpenAndDismiss3DSpaceButton.swift in Sources */ = {isa = PBXBuildFile; fileRef = 16261D732C8D61F800C2822C /* OpenAndDismiss3DSpaceButton.swift */; };
		16312B5B2B75D0FB006A93D1 /* App.swift in Sources */ = {isa = PBXBuildFile; fileRef = 16312B5A2B75D0FB006A93D1 /* App.swift */; };
		16312B5D2B75D0FB006A93D1 /* ContentView.swift in Sources */ = {isa = PBXBuildFile; fileRef = 16312B5C2B75D0FB006A93D1 /* ContentView.swift */; };
		16312B5F2B75D0FD006A93D1 /* Assets.xcassets in Resources */ = {isa = PBXBuildFile; fileRef = 16312B5E2B75D0FD006A93D1 /* Assets.xcassets */; };
		16312B672B75D193006A93D1 /* Piece.swift in Sources */ = {isa = PBXBuildFile; fileRef = 16F972742B68B77C00711C53 /* Piece.swift */; };
		16312B682B75D193006A93D1 /* SharedState.swift in Sources */ = {isa = PBXBuildFile; fileRef = 169333A12B75A7B500B60E0F /* SharedState.swift */; };
		16312B692B75D193006A93D1 /* Pieces.swift in Sources */ = {isa = PBXBuildFile; fileRef = 16780FFA2B689304005A0244 /* Pieces.swift */; };
		16312B6A2B75D193006A93D1 /* Chessmen.swift in Sources */ = {isa = PBXBuildFile; fileRef = 16780FF82B6892E9005A0244 /* Chessmen.swift */; };
		16312B6B2B75D193006A93D1 /* Sound.swift in Sources */ = {isa = PBXBuildFile; fileRef = 16AE50272B70FE3100D25197 /* Sound.swift */; };
		16312B6C2B75D193006A93D1 /* AppGroupActivity.swift in Sources */ = {isa = PBXBuildFile; fileRef = 165EC6A12B6913250005172B /* AppGroupActivity.swift */; };
		16312B6D2B75D193006A93D1 /* Side.swift in Sources */ = {isa = PBXBuildFile; fileRef = 16EA6A7F2B68769C00A3A740 /* Side.swift */; };
		16312B6E2B75D193006A93D1 /* Index.swift in Sources */ = {isa = PBXBuildFile; fileRef = 16780FFC2B6893CF005A0244 /* Index.swift */; };
		16312B6F2B75D193006A93D1 /* Action.swift in Sources */ = {isa = PBXBuildFile; fileRef = 165EC69F2B6901670005172B /* Action.swift */; };
		16312B702B75D1B9006A93D1 /* AppModel.swift in Sources */ = {isa = PBXBuildFile; fileRef = 165EC69D2B68C5E30005172B /* AppModel.swift */; };
		16312B772B75D45B006A93D1 /* HeaderMenu.swift in Sources */ = {isa = PBXBuildFile; fileRef = 16312B742B75D45B006A93D1 /* HeaderMenu.swift */; };
		16312B782B75D45B006A93D1 /* BottomMenuView.swift in Sources */ = {isa = PBXBuildFile; fileRef = 16312B752B75D45B006A93D1 /* BottomMenuView.swift */; };
		16312B792B75D570006A93D1 /* putSound4.m4a in Resources */ = {isa = PBXBuildFile; fileRef = 1671A1732B74C638009A87A6 /* putSound4.m4a */; };
		16312B7A2B75D570006A93D1 /* putSound2.m4a in Resources */ = {isa = PBXBuildFile; fileRef = 1671A1712B74C637009A87A6 /* putSound2.m4a */; };
		16312B7B2B75D570006A93D1 /* putSound6.m4a in Resources */ = {isa = PBXBuildFile; fileRef = 1671A16F2B74C635009A87A6 /* putSound6.m4a */; };
		16312B7C2B75D570006A93D1 /* selectSound.m4a in Resources */ = {isa = PBXBuildFile; fileRef = 1671A1722B74C638009A87A6 /* selectSound.m4a */; };
		16312B7D2B75D570006A93D1 /* resetSound.m4a in Resources */ = {isa = PBXBuildFile; fileRef = 1671A1742B74C639009A87A6 /* resetSound.m4a */; };
		16312B7E2B75D570006A93D1 /* putSound1.m4a in Resources */ = {isa = PBXBuildFile; fileRef = 1671A17E2B74C7ED009A87A6 /* putSound1.m4a */; };
		16312B7F2B75D570006A93D1 /* putSound5.m4a in Resources */ = {isa = PBXBuildFile; fileRef = 1671A16E2B74C635009A87A6 /* putSound5.m4a */; };
		16312B802B75D570006A93D1 /* putSound3.m4a in Resources */ = {isa = PBXBuildFile; fileRef = 1671A16D2B74C634009A87A6 /* putSound3.m4a */; };
		16428EB42C9FAA2D00E93B86 /* Entities.swift in Sources */ = {isa = PBXBuildFile; fileRef = 16428EB32C9FAA2600E93B86 /* Entities.swift */; };
		165EC69E2B68C5E40005172B /* AppModel.swift in Sources */ = {isa = PBXBuildFile; fileRef = 165EC69D2B68C5E30005172B /* AppModel.swift */; };
		165EC6A02B6901670005172B /* Action.swift in Sources */ = {isa = PBXBuildFile; fileRef = 165EC69F2B6901670005172B /* Action.swift */; };
		165EC6A22B6913260005172B /* AppGroupActivity.swift in Sources */ = {isa = PBXBuildFile; fileRef = 165EC6A12B6913250005172B /* AppGroupActivity.swift */; };
		165EC6A52B69153B0005172B /* SquareView.swift in Sources */ = {isa = PBXBuildFile; fileRef = 165EC6A42B69153B0005172B /* SquareView.swift */; };
		1671A15A2B720779009A87A6 /* ChessView.swift in Sources */ = {isa = PBXBuildFile; fileRef = 1671A1592B720778009A87A6 /* ChessView.swift */; };
		1671A1612B723550009A87A6 /* PieceEntity.swift in Sources */ = {isa = PBXBuildFile; fileRef = 1671A1602B72354F009A87A6 /* PieceEntity.swift */; };
		1671A1752B74C63A009A87A6 /* putSound3.m4a in Resources */ = {isa = PBXBuildFile; fileRef = 1671A16D2B74C634009A87A6 /* putSound3.m4a */; };
		1671A1762B74C63A009A87A6 /* putSound5.m4a in Resources */ = {isa = PBXBuildFile; fileRef = 1671A16E2B74C635009A87A6 /* putSound5.m4a */; };
		1671A1772B74C63A009A87A6 /* putSound6.m4a in Resources */ = {isa = PBXBuildFile; fileRef = 1671A16F2B74C635009A87A6 /* putSound6.m4a */; };
		1671A1792B74C63A009A87A6 /* putSound2.m4a in Resources */ = {isa = PBXBuildFile; fileRef = 1671A1712B74C637009A87A6 /* putSound2.m4a */; };
		1671A17A2B74C63A009A87A6 /* selectSound.m4a in Resources */ = {isa = PBXBuildFile; fileRef = 1671A1722B74C638009A87A6 /* selectSound.m4a */; };
		1671A17B2B74C63A009A87A6 /* putSound4.m4a in Resources */ = {isa = PBXBuildFile; fileRef = 1671A1732B74C638009A87A6 /* putSound4.m4a */; };
		1671A17C2B74C63A009A87A6 /* resetSound.m4a in Resources */ = {isa = PBXBuildFile; fileRef = 1671A1742B74C639009A87A6 /* resetSound.m4a */; };
		1671A17F2B74C7ED009A87A6 /* putSound1.m4a in Resources */ = {isa = PBXBuildFile; fileRef = 1671A17E2B74C7ED009A87A6 /* putSound1.m4a */; };
		16780FF62B6881DB005A0244 /* ImmersiveSpaceView.swift in Sources */ = {isa = PBXBuildFile; fileRef = 16780FF52B6881DB005A0244 /* ImmersiveSpaceView.swift */; };
		16780FF92B6892E9005A0244 /* Chessmen.swift in Sources */ = {isa = PBXBuildFile; fileRef = 16780FF82B6892E9005A0244 /* Chessmen.swift */; };
		16780FFB2B689304005A0244 /* Pieces.swift in Sources */ = {isa = PBXBuildFile; fileRef = 16780FFA2B689304005A0244 /* Pieces.swift */; };
		16780FFD2B6893CF005A0244 /* Index.swift in Sources */ = {isa = PBXBuildFile; fileRef = 16780FFC2B6893CF005A0244 /* Index.swift */; };
		167948A02BC66BA2004DFF4B /* ℹ️AboutApp.swift in Sources */ = {isa = PBXBuildFile; fileRef = 1679489E2BC66BA2004DFF4B /* ℹ️AboutApp.swift */; };
		167948A12BC66BA2004DFF4B /* 🗒️StaticInfo.swift in Sources */ = {isa = PBXBuildFile; fileRef = 1679489F2BC66BA2004DFF4B /* 🗒️StaticInfo.swift */; };
		167948A32BC66BB6004DFF4B /* Developer_Publisher.xcassets in Resources */ = {isa = PBXBuildFile; fileRef = 167948A22BC66BB6004DFF4B /* Developer_Publisher.xcassets */; };
		167948A72BC66BD1004DFF4B /* 🌐AboutApp.xcstrings in Resources */ = {isa = PBXBuildFile; fileRef = 167948A52BC66BD1004DFF4B /* 🌐AboutApp.xcstrings */; };
		167948A82BC66BD1004DFF4B /* 🌐Timeline.xcstrings in Resources */ = {isa = PBXBuildFile; fileRef = 167948A62BC66BD1004DFF4B /* 🌐Timeline.xcstrings */; };
		167948AC2BC66BF7004DFF4B /* Localizable.xcstrings in Resources */ = {isa = PBXBuildFile; fileRef = 167948AB2BC66BF7004DFF4B /* Localizable.xcstrings */; };
		167948B02BC66E78004DFF4B /* 🌐AppStoreDescription.xcstrings in Resources */ = {isa = PBXBuildFile; fileRef = 167948AE2BC66E78004DFF4B /* 🌐AppStoreDescription.xcstrings */; };
		167948B12BC66E78004DFF4B /* 🌐VersionHistory.xcstrings in Resources */ = {isa = PBXBuildFile; fileRef = 167948AF2BC66E78004DFF4B /* 🌐VersionHistory.xcstrings */; };
		167948B32BC66EAE004DFF4B /* InfoPlist.xcstrings in Resources */ = {isa = PBXBuildFile; fileRef = 167948B22BC66EAE004DFF4B /* InfoPlist.xcstrings */; };
		167948BA2BC6A60B004DFF4B /* App.swift in CopyFiles */ = {isa = PBXBuildFile; fileRef = 169C00262B4A9BE0001242F5 /* App.swift */; };
		167948BB2BC6A60B004DFF4B /* AppModel.swift in CopyFiles */ = {isa = PBXBuildFile; fileRef = 165EC69D2B68C5E30005172B /* AppModel.swift */; };
		167948BC2BC6A60B004DFF4B /* SharedState.swift in CopyFiles */ = {isa = PBXBuildFile; fileRef = 169333A12B75A7B500B60E0F /* SharedState.swift */; };
		167948BD2BC6A60B004DFF4B /* Pieces.swift in CopyFiles */ = {isa = PBXBuildFile; fileRef = 16780FFA2B689304005A0244 /* Pieces.swift */; };
		167948BE2BC6A60B004DFF4B /* Piece.swift in CopyFiles */ = {isa = PBXBuildFile; fileRef = 16F972742B68B77C00711C53 /* Piece.swift */; };
		167948BF2BC6A60B004DFF4B /* Index.swift in CopyFiles */ = {isa = PBXBuildFile; fileRef = 16780FFC2B6893CF005A0244 /* Index.swift */; };
		167948C02BC6A60B004DFF4B /* Chessmen.swift in CopyFiles */ = {isa = PBXBuildFile; fileRef = 16780FF82B6892E9005A0244 /* Chessmen.swift */; };
		167948C12BC6A60B004DFF4B /* Side.swift in CopyFiles */ = {isa = PBXBuildFile; fileRef = 16EA6A7F2B68769C00A3A740 /* Side.swift */; };
		167948C22BC6A60B004DFF4B /* Mode.swift in CopyFiles */ = {isa = PBXBuildFile; fileRef = 16ECC0F02B85ACE100A1A6B6 /* Mode.swift */; };
		167948C62BC6A60B004DFF4B /* ImmersiveSpaceView.swift in CopyFiles */ = {isa = PBXBuildFile; fileRef = 16780FF52B6881DB005A0244 /* ImmersiveSpaceView.swift */; };
		167948C72BC6A60B004DFF4B /* ChessView.swift in CopyFiles */ = {isa = PBXBuildFile; fileRef = 1671A1592B720778009A87A6 /* ChessView.swift */; };
		167948C82BC6A60B004DFF4B /* BoardView.swift in CopyFiles */ = {isa = PBXBuildFile; fileRef = 169B9E812B68BEA70025FCEB /* BoardView.swift */; };
		167948C92BC6A60B004DFF4B /* SquareView.swift in CopyFiles */ = {isa = PBXBuildFile; fileRef = 165EC6A42B69153B0005172B /* SquareView.swift */; };
		167948CD2BC6A60B004DFF4B /* PieceEntity.swift in CopyFiles */ = {isa = PBXBuildFile; fileRef = 1671A1602B72354F009A87A6 /* PieceEntity.swift */; };
		167948CF2BC6A60B004DFF4B /* Size.swift in CopyFiles */ = {isa = PBXBuildFile; fileRef = 16F972762B68B7FB00711C53 /* Size.swift */; };
		167948D02BC6A60B004DFF4B /* AppGroupActivity.swift in CopyFiles */ = {isa = PBXBuildFile; fileRef = 165EC6A12B6913250005172B /* AppGroupActivity.swift */; };
		167948D12BC6A60B004DFF4B /* SharePlayProvider.swift in CopyFiles */ = {isa = PBXBuildFile; fileRef = 16C477122B8AC23D00343DD8 /* SharePlayProvider.swift */; };
		167948D22BC6A60B004DFF4B /* Action.swift in CopyFiles */ = {isa = PBXBuildFile; fileRef = 165EC69F2B6901670005172B /* Action.swift */; };
		167948D42BC6A60B004DFF4B /* Sound.swift in CopyFiles */ = {isa = PBXBuildFile; fileRef = 16AE50272B70FE3100D25197 /* Sound.swift */; };
		167948D52BC6A60B004DFF4B /* 🗒️StaticInfo.swift in CopyFiles */ = {isa = PBXBuildFile; fileRef = 1679489F2BC66BA2004DFF4B /* 🗒️StaticInfo.swift */; };
		167948D62BC6A60B004DFF4B /* ℹ️AboutApp.swift in CopyFiles */ = {isa = PBXBuildFile; fileRef = 1679489E2BC66BA2004DFF4B /* ℹ️AboutApp.swift */; };
		168D33622CBCC28800216A16 /* kingW.reality in Resources */ = {isa = PBXBuildFile; fileRef = 16EA6A6D2B6875CA00A3A740 /* kingW.reality */; };
		168D33632CBCC28800216A16 /* rookW.reality in Resources */ = {isa = PBXBuildFile; fileRef = 16EA6A652B6875CA00A3A740 /* rookW.reality */; };
		168D33642CBCC28800216A16 /* bishopW.reality in Resources */ = {isa = PBXBuildFile; fileRef = 16EA6A672B6875CA00A3A740 /* bishopW.reality */; };
		168D33652CBCC28800216A16 /* queenB.reality in Resources */ = {isa = PBXBuildFile; fileRef = 16EA6A6A2B6875CA00A3A740 /* queenB.reality */; };
		168D33662CBCC28800216A16 /* bishopB.reality in Resources */ = {isa = PBXBuildFile; fileRef = 16EA6A682B6875CA00A3A740 /* bishopB.reality */; };
		168D33672CBCC28800216A16 /* knightB.reality in Resources */ = {isa = PBXBuildFile; fileRef = 16EA6A6B2B6875CA00A3A740 /* knightB.reality */; };
		168D33682CBCC28800216A16 /* rookB.reality in Resources */ = {isa = PBXBuildFile; fileRef = 16EA6A662B6875CA00A3A740 /* rookB.reality */; };
		168D33692CBCC28800216A16 /* pawnB.reality in Resources */ = {isa = PBXBuildFile; fileRef = 16EA6A6F2B6875CA00A3A740 /* pawnB.reality */; };
		168D336A2CBCC28800216A16 /* kingB.reality in Resources */ = {isa = PBXBuildFile; fileRef = 16EA6A6E2B6875CA00A3A740 /* kingB.reality */; };
		168D336B2CBCC28800216A16 /* knightW.reality in Resources */ = {isa = PBXBuildFile; fileRef = 16EA6A6C2B6875CA00A3A740 /* knightW.reality */; };
		168D336C2CBCC28800216A16 /* pawnW.reality in Resources */ = {isa = PBXBuildFile; fileRef = 16EA6A702B6875CA00A3A740 /* pawnW.reality */; };
		168D336D2CBCC28800216A16 /* queenW.reality in Resources */ = {isa = PBXBuildFile; fileRef = 16EA6A692B6875CA00A3A740 /* queenW.reality */; };
		169333A22B75A7B500B60E0F /* SharedState.swift in Sources */ = {isa = PBXBuildFile; fileRef = 169333A12B75A7B500B60E0F /* SharedState.swift */; };
		169B9E822B68BEA80025FCEB /* BoardView.swift in Sources */ = {isa = PBXBuildFile; fileRef = 169B9E812B68BEA70025FCEB /* BoardView.swift */; };
		169C00272B4A9BE0001242F5 /* App.swift in Sources */ = {isa = PBXBuildFile; fileRef = 169C00262B4A9BE0001242F5 /* App.swift */; };
		169C002B2B4A9BE2001242F5 /* Assets.xcassets in Resources */ = {isa = PBXBuildFile; fileRef = 169C002A2B4A9BE2001242F5 /* Assets.xcassets */; };
		16A0F0882B8A001300EC0FE8 /* Size.swift in Sources */ = {isa = PBXBuildFile; fileRef = 16F972762B68B7FB00711C53 /* Size.swift */; };
		16AE50282B70FE3200D25197 /* Sound.swift in Sources */ = {isa = PBXBuildFile; fileRef = 16AE50272B70FE3100D25197 /* Sound.swift */; };
		16B70FC92CA41E0300DF33C9 /* Interaction.swift in Sources */ = {isa = PBXBuildFile; fileRef = 16B70FC82CA41DFF00DF33C9 /* Interaction.swift */; };
		16B70FCA2CA41E0300DF33C9 /* Interaction.swift in Sources */ = {isa = PBXBuildFile; fileRef = 16B70FC82CA41DFF00DF33C9 /* Interaction.swift */; };
		16B70FCD2CA41E6800DF33C9 /* handleInteraction.swift in Sources */ = {isa = PBXBuildFile; fileRef = 16B70FCB2CA41E6400DF33C9 /* handleInteraction.swift */; };
		16C477132B8AC23D00343DD8 /* SharePlayProvider.swift in Sources */ = {isa = PBXBuildFile; fileRef = 16C477122B8AC23D00343DD8 /* SharePlayProvider.swift */; };
		16C477152B8AC2E800343DD8 /* SharePlayProvider.swift in Sources */ = {isa = PBXBuildFile; fileRef = 16C477122B8AC23D00343DD8 /* SharePlayProvider.swift */; };
		16EA6A712B6875CA00A3A740 /* rookW.reality in Resources */ = {isa = PBXBuildFile; fileRef = 16EA6A652B6875CA00A3A740 /* rookW.reality */; };
		16EA6A722B6875CA00A3A740 /* rookB.reality in Resources */ = {isa = PBXBuildFile; fileRef = 16EA6A662B6875CA00A3A740 /* rookB.reality */; };
		16EA6A732B6875CA00A3A740 /* bishopW.reality in Resources */ = {isa = PBXBuildFile; fileRef = 16EA6A672B6875CA00A3A740 /* bishopW.reality */; };
		16EA6A742B6875CA00A3A740 /* bishopB.reality in Resources */ = {isa = PBXBuildFile; fileRef = 16EA6A682B6875CA00A3A740 /* bishopB.reality */; };
		16EA6A752B6875CA00A3A740 /* queenW.reality in Resources */ = {isa = PBXBuildFile; fileRef = 16EA6A692B6875CA00A3A740 /* queenW.reality */; };
		16EA6A762B6875CA00A3A740 /* queenB.reality in Resources */ = {isa = PBXBuildFile; fileRef = 16EA6A6A2B6875CA00A3A740 /* queenB.reality */; };
		16EA6A772B6875CA00A3A740 /* knightB.reality in Resources */ = {isa = PBXBuildFile; fileRef = 16EA6A6B2B6875CA00A3A740 /* knightB.reality */; };
		16EA6A782B6875CA00A3A740 /* knightW.reality in Resources */ = {isa = PBXBuildFile; fileRef = 16EA6A6C2B6875CA00A3A740 /* knightW.reality */; };
		16EA6A792B6875CA00A3A740 /* kingW.reality in Resources */ = {isa = PBXBuildFile; fileRef = 16EA6A6D2B6875CA00A3A740 /* kingW.reality */; };
		16EA6A7A2B6875CA00A3A740 /* kingB.reality in Resources */ = {isa = PBXBuildFile; fileRef = 16EA6A6E2B6875CA00A3A740 /* kingB.reality */; };
		16EA6A7B2B6875CA00A3A740 /* pawnB.reality in Resources */ = {isa = PBXBuildFile; fileRef = 16EA6A6F2B6875CA00A3A740 /* pawnB.reality */; };
		16EA6A7C2B6875CA00A3A740 /* pawnW.reality in Resources */ = {isa = PBXBuildFile; fileRef = 16EA6A702B6875CA00A3A740 /* pawnW.reality */; };
		16EA6A802B68769C00A3A740 /* Side.swift in Sources */ = {isa = PBXBuildFile; fileRef = 16EA6A7F2B68769C00A3A740 /* Side.swift */; };
		16ECC0F12B85ACE100A1A6B6 /* Mode.swift in Sources */ = {isa = PBXBuildFile; fileRef = 16ECC0F02B85ACE100A1A6B6 /* Mode.swift */; };
		16ECC0F22B85ACE100A1A6B6 /* Mode.swift in Sources */ = {isa = PBXBuildFile; fileRef = 16ECC0F02B85ACE100A1A6B6 /* Mode.swift */; };
		16F42C592C91A391006A12E3 /* ActivityState.swift in Sources */ = {isa = PBXBuildFile; fileRef = 16F42C582C91A38D006A12E3 /* ActivityState.swift */; };
		16F972752B68B77C00711C53 /* Piece.swift in Sources */ = {isa = PBXBuildFile; fileRef = 16F972742B68B77C00711C53 /* Piece.swift */; };
		16F972772B68B7FB00711C53 /* Size.swift in Sources */ = {isa = PBXBuildFile; fileRef = 16F972762B68B7FB00711C53 /* Size.swift */; };
		1D5548682E0F9389005759DE /* removeSound.m4a in Resources */ = {isa = PBXBuildFile; fileRef = 1D5548672E0F9389005759DE /* removeSound.m4a */; };
		1D5548692E0F9389005759DE /* removeSound.m4a in Resources */ = {isa = PBXBuildFile; fileRef = 1D5548672E0F9389005759DE /* removeSound.m4a */; };
		1D55486B2E0F98CE005759DE /* RemoveButton.swift in Sources */ = {isa = PBXBuildFile; fileRef = 1D55486A2E0F98CE005759DE /* RemoveButton.swift */; };
		1D55486D2E0FA1F9005759DE /* BottomButtons.swift in Sources */ = {isa = PBXBuildFile; fileRef = 1D55486C2E0FA1F4005759DE /* BottomButtons.swift */; };
		1D5548702E0FB134005759DE /* scaleAnchor.swift in Sources */ = {isa = PBXBuildFile; fileRef = 1D55486F2E0FB130005759DE /* scaleAnchor.swift */; };
		1D5548722E0FB153005759DE /* offset.swift in Sources */ = {isa = PBXBuildFile; fileRef = 1D5548712E0FB151005759DE /* offset.swift */; };
		1D5548752E10AEFF005759DE /* HandleGroupImmersion.swift in Sources */ = {isa = PBXBuildFile; fileRef = 1D5548742E10AEFF005759DE /* HandleGroupImmersion.swift */; };
		1D78ED712DEA7AB3006BD075 /* SceneKind.swift in Sources */ = {isa = PBXBuildFile; fileRef = 1D78ED702DEA7AA4006BD075 /* SceneKind.swift */; };
		1D78ED722DEA7AB3006BD075 /* SceneKind.swift in Sources */ = {isa = PBXBuildFile; fileRef = 1D78ED702DEA7AA4006BD075 /* SceneKind.swift */; };
		1D78ED742DEB29F9006BD075 /* BoardPosition.swift in Sources */ = {isa = PBXBuildFile; fileRef = 1D78ED732DEB29F2006BD075 /* BoardPosition.swift */; };
		1D78ED752DEB29F9006BD075 /* BoardPosition.swift in Sources */ = {isa = PBXBuildFile; fileRef = 1D78ED732DEB29F2006BD075 /* BoardPosition.swift */; };
		1D78ED7A2DEC2698006BD075 /* Chessmen+Extension.swift in Sources */ = {isa = PBXBuildFile; fileRef = 1D78ED792DEC2692006BD075 /* Chessmen+Extension.swift */; };
		1D78ED7C2DEC26DD006BD075 /* Pieces+Extension.swift in Sources */ = {isa = PBXBuildFile; fileRef = 1D78ED7B2DEC26D9006BD075 /* Pieces+Extension.swift */; };
		1D78ED7E2DEC2960006BD075 /* Size+Extensions.swift in Sources */ = {isa = PBXBuildFile; fileRef = 1D78ED7D2DEC295C006BD075 /* Size+Extensions.swift */; };
		1D78ED812DEC2A19006BD075 /* RotateBoardButton.swift in Sources */ = {isa = PBXBuildFile; fileRef = 1D78ED802DEC2A16006BD075 /* RotateBoardButton.swift */; };
		1D78ED832DEC2A96006BD075 /* UndoButton.swift in Sources */ = {isa = PBXBuildFile; fileRef = 1D78ED822DEC2A96006BD075 /* UndoButton.swift */; };
		1D78ED852DEC2AA6006BD075 /* ResetButton.swift in Sources */ = {isa = PBXBuildFile; fileRef = 1D78ED842DEC2AA6006BD075 /* ResetButton.swift */; };
		1D78ED872DEC2AB4006BD075 /* OpenGuideMenuButton.swift in Sources */ = {isa = PBXBuildFile; fileRef = 1D78ED862DEC2AB4006BD075 /* OpenGuideMenuButton.swift */; };
		1D78ED8A2DEC521F006BD075 /* DragState.swift in Sources */ = {isa = PBXBuildFile; fileRef = 1D78ED892DEC521C006BD075 /* DragState.swift */; };
		1D78ED8B2DEC521F006BD075 /* DragState.swift in Sources */ = {isa = PBXBuildFile; fileRef = 1D78ED892DEC521C006BD075 /* DragState.swift */; };
		1D78ED8D2DEDE14C006BD075 /* PieceAnimation+Extension.swift in Sources */ = {isa = PBXBuildFile; fileRef = 1D78ED8C2DEDE145006BD075 /* PieceAnimation+Extension.swift */; };
		1D7D8AA32DEE82DA009E4F0E /* ChessView_iOS.swift in Sources */ = {isa = PBXBuildFile; fileRef = 1D7D8AA22DEE82D6009E4F0E /* ChessView_iOS.swift */; };
		1DD18A292DD9968B00CF0645 /* VolumeWindowView.swift in Sources */ = {isa = PBXBuildFile; fileRef = 1DD18A282DD9968800CF0645 /* VolumeWindowView.swift */; };
/* End PBXBuildFile section */

/* Begin PBXCopyFilesBuildPhase section */
		167948B92BC6A5EC004DFF4B /* CopyFiles */ = {
			isa = PBXCopyFilesBuildPhase;
			buildActionMask = 2147483647;
			dstPath = "📁SourceCode";
			dstSubfolderSpec = 7;
			files = (
				167948BA2BC6A60B004DFF4B /* App.swift in CopyFiles */,
				167948BB2BC6A60B004DFF4B /* AppModel.swift in CopyFiles */,
				167948BC2BC6A60B004DFF4B /* SharedState.swift in CopyFiles */,
				167948BD2BC6A60B004DFF4B /* Pieces.swift in CopyFiles */,
				167948BE2BC6A60B004DFF4B /* Piece.swift in CopyFiles */,
				167948BF2BC6A60B004DFF4B /* Index.swift in CopyFiles */,
				167948C02BC6A60B004DFF4B /* Chessmen.swift in CopyFiles */,
				167948C12BC6A60B004DFF4B /* Side.swift in CopyFiles */,
				167948C22BC6A60B004DFF4B /* Mode.swift in CopyFiles */,
				167948C62BC6A60B004DFF4B /* ImmersiveSpaceView.swift in CopyFiles */,
				167948C72BC6A60B004DFF4B /* ChessView.swift in CopyFiles */,
				167948C82BC6A60B004DFF4B /* BoardView.swift in CopyFiles */,
				167948C92BC6A60B004DFF4B /* SquareView.swift in CopyFiles */,
				167948CD2BC6A60B004DFF4B /* PieceEntity.swift in CopyFiles */,
				167948CF2BC6A60B004DFF4B /* Size.swift in CopyFiles */,
				167948D02BC6A60B004DFF4B /* AppGroupActivity.swift in CopyFiles */,
				167948D12BC6A60B004DFF4B /* SharePlayProvider.swift in CopyFiles */,
				167948D22BC6A60B004DFF4B /* Action.swift in CopyFiles */,
				167948D42BC6A60B004DFF4B /* Sound.swift in CopyFiles */,
				167948D52BC6A60B004DFF4B /* 🗒️StaticInfo.swift in CopyFiles */,
				167948D62BC6A60B004DFF4B /* ℹ️AboutApp.swift in CopyFiles */,
			);
			runOnlyForDeploymentPostprocessing = 0;
		};
/* End PBXCopyFilesBuildPhase section */

/* Begin PBXFileReference section */
		1601FEF72B4AA42D0050457E /* シンプルボード.reality */ = {isa = PBXFileReference; lastKnownFileType = file; path = "シンプルボード.reality"; sourceTree = "<group>"; };
		1605C23F2CA02F3B00725749 /* excuteAction.swift */ = {isa = PBXFileReference; lastKnownFileType = sourcecode.swift; path = excuteAction.swift; sourceTree = "<group>"; };
		1605C2452CA02F5100725749 /* sharePlay.swift */ = {isa = PBXFileReference; lastKnownFileType = sourcecode.swift; path = sharePlay.swift; sourceTree = "<group>"; };
		1605C2482CA02F5800725749 /* rest.swift */ = {isa = PBXFileReference; lastKnownFileType = sourcecode.swift; path = rest.swift; sourceTree = "<group>"; };
		160805FE2C08050F0064FCB2 /* screenshot1280w2.jpg */ = {isa = PBXFileReference; lastKnownFileType = image.jpeg; path = screenshot1280w2.jpg; sourceTree = "<group>"; };
		160805FF2C08050F0064FCB2 /* screenshot1280w3.jpg */ = {isa = PBXFileReference; lastKnownFileType = image.jpeg; path = screenshot1280w3.jpg; sourceTree = "<group>"; };
		161A13912C96733B0075C57B /* AboutOptionsMenu.swift */ = {isa = PBXFileReference; lastKnownFileType = sourcecode.swift; path = AboutOptionsMenu.swift; sourceTree = "<group>"; };
		161A13932C9674320075C57B /* AboutAppLink.swift */ = {isa = PBXFileReference; lastKnownFileType = sourcecode.swift; path = AboutAppLink.swift; sourceTree = "<group>"; };
		161A13952C9674990075C57B /* WhatsPersonaMenu.swift */ = {isa = PBXFileReference; lastKnownFileType = sourcecode.swift; path = WhatsPersonaMenu.swift; sourceTree = "<group>"; };
		161A13962C9674990075C57B /* WhatsSharePlayMenu.swift */ = {isa = PBXFileReference; lastKnownFileType = sourcecode.swift; path = WhatsSharePlayMenu.swift; sourceTree = "<group>"; };
		162145882CBD0B9F00A6A87E /* ChessView_2DMode.swift */ = {isa = PBXFileReference; lastKnownFileType = sourcecode.swift; path = ChessView_2DMode.swift; sourceTree = "<group>"; };
		1621458B2CBD1F9600A6A87E /* SquareView_2DMode.swift */ = {isa = PBXFileReference; lastKnownFileType = sourcecode.swift; path = SquareView_2DMode.swift; sourceTree = "<group>"; };
		1621458D2CBD1FC300A6A87E /* PieceView_2DMode.swift */ = {isa = PBXFileReference; lastKnownFileType = sourcecode.swift; path = PieceView_2DMode.swift; sourceTree = "<group>"; };
		1621458F2CBFD0C200A6A87E /* PieceAnimation.swift */ = {isa = PBXFileReference; lastKnownFileType = sourcecode.swift; path = PieceAnimation.swift; sourceTree = "<group>"; };
		16261D622C8D1CD900C2822C /* CenterWindowView.swift */ = {isa = PBXFileReference; lastKnownFileType = sourcecode.swift; path = CenterWindowView.swift; sourceTree = "<group>"; };
		16261D662C8D1E6200C2822C /* GuideMenuView.swift */ = {isa = PBXFileReference; lastKnownFileType = sourcecode.swift; path = GuideMenuView.swift; sourceTree = "<group>"; };
		16261D6F2C8D585700C2822C /* RecordingRoom.swift */ = {isa = PBXFileReference; lastKnownFileType = sourcecode.swift; path = RecordingRoom.swift; sourceTree = "<group>"; };
		16261D732C8D61F800C2822C /* OpenAndDismiss3DSpaceButton.swift */ = {isa = PBXFileReference; lastKnownFileType = sourcecode.swift; path = OpenAndDismiss3DSpaceButton.swift; sourceTree = "<group>"; };
		16312B582B75D0FB006A93D1 /* PersonaChess.app */ = {isa = PBXFileReference; explicitFileType = wrapper.application; includeInIndex = 0; path = PersonaChess.app; sourceTree = BUILT_PRODUCTS_DIR; };
		16312B5A2B75D0FB006A93D1 /* App.swift */ = {isa = PBXFileReference; lastKnownFileType = sourcecode.swift; path = App.swift; sourceTree = "<group>"; };
		16312B5C2B75D0FB006A93D1 /* ContentView.swift */ = {isa = PBXFileReference; lastKnownFileType = sourcecode.swift; path = ContentView.swift; sourceTree = "<group>"; };
		16312B5E2B75D0FD006A93D1 /* Assets.xcassets */ = {isa = PBXFileReference; lastKnownFileType = folder.assetcatalog; path = Assets.xcassets; sourceTree = "<group>"; };
		16312B742B75D45B006A93D1 /* HeaderMenu.swift */ = {isa = PBXFileReference; fileEncoding = 4; lastKnownFileType = sourcecode.swift; path = HeaderMenu.swift; sourceTree = "<group>"; };
		16312B752B75D45B006A93D1 /* BottomMenuView.swift */ = {isa = PBXFileReference; fileEncoding = 4; lastKnownFileType = sourcecode.swift; path = BottomMenuView.swift; sourceTree = "<group>"; };
		16312B812B75D581006A93D1 /* iOS for debug.entitlements */ = {isa = PBXFileReference; lastKnownFileType = text.plist.entitlements; path = "iOS for debug.entitlements"; sourceTree = "<group>"; };
		16428EB32C9FAA2600E93B86 /* Entities.swift */ = {isa = PBXFileReference; lastKnownFileType = sourcecode.swift; path = Entities.swift; sourceTree = "<group>"; };
		164B839B2C8DC4E4001D9DBA /* CustomSpatialTemplate.swift */ = {isa = PBXFileReference; lastKnownFileType = sourcecode.swift; path = CustomSpatialTemplate.swift; sourceTree = "<group>"; };
		165EC69D2B68C5E30005172B /* AppModel.swift */ = {isa = PBXFileReference; lastKnownFileType = sourcecode.swift; path = AppModel.swift; sourceTree = "<group>"; };
		165EC69F2B6901670005172B /* Action.swift */ = {isa = PBXFileReference; lastKnownFileType = sourcecode.swift; path = Action.swift; sourceTree = "<group>"; };
		165EC6A12B6913250005172B /* AppGroupActivity.swift */ = {isa = PBXFileReference; fileEncoding = 4; lastKnownFileType = sourcecode.swift; path = AppGroupActivity.swift; sourceTree = "<group>"; };
		165EC6A32B6914430005172B /* PersonaChess.entitlements */ = {isa = PBXFileReference; lastKnownFileType = text.plist.entitlements; path = PersonaChess.entitlements; sourceTree = "<group>"; };
		165EC6A42B69153B0005172B /* SquareView.swift */ = {isa = PBXFileReference; lastKnownFileType = sourcecode.swift; path = SquareView.swift; sourceTree = "<group>"; };
		166D208C2B71F6560000EAF6 /* README.md */ = {isa = PBXFileReference; lastKnownFileType = net.daringfireball.markdown; path = README.md; sourceTree = "<group>"; };
		1671A1572B7206BD009A87A6 /* appstore_badge.svg */ = {isa = PBXFileReference; lastKnownFileType = text; path = appstore_badge.svg; sourceTree = "<group>"; };
		1671A1592B720778009A87A6 /* ChessView.swift */ = {isa = PBXFileReference; lastKnownFileType = sourcecode.swift; path = ChessView.swift; sourceTree = "<group>"; };
		1671A1602B72354F009A87A6 /* PieceEntity.swift */ = {isa = PBXFileReference; fileEncoding = 4; lastKnownFileType = sourcecode.swift; path = PieceEntity.swift; sourceTree = "<group>"; };
		1671A1622B7323C2009A87A6 /* icon.png */ = {isa = PBXFileReference; lastKnownFileType = image.png; path = icon.png; sourceTree = "<group>"; };
		1671A1632B7324CA009A87A6 /* About piece assets.md */ = {isa = PBXFileReference; lastKnownFileType = net.daringfireball.markdown; path = "About piece assets.md"; sourceTree = "<group>"; };
		1671A16D2B74C634009A87A6 /* putSound3.m4a */ = {isa = PBXFileReference; lastKnownFileType = file; path = putSound3.m4a; sourceTree = "<group>"; };
		1671A16E2B74C635009A87A6 /* putSound5.m4a */ = {isa = PBXFileReference; lastKnownFileType = file; path = putSound5.m4a; sourceTree = "<group>"; };
		1671A16F2B74C635009A87A6 /* putSound6.m4a */ = {isa = PBXFileReference; lastKnownFileType = file; path = putSound6.m4a; sourceTree = "<group>"; };
		1671A1712B74C637009A87A6 /* putSound2.m4a */ = {isa = PBXFileReference; lastKnownFileType = file; path = putSound2.m4a; sourceTree = "<group>"; };
		1671A1722B74C638009A87A6 /* selectSound.m4a */ = {isa = PBXFileReference; lastKnownFileType = file; path = selectSound.m4a; sourceTree = "<group>"; };
		1671A1732B74C638009A87A6 /* putSound4.m4a */ = {isa = PBXFileReference; lastKnownFileType = file; path = putSound4.m4a; sourceTree = "<group>"; };
		1671A1742B74C639009A87A6 /* resetSound.m4a */ = {isa = PBXFileReference; lastKnownFileType = file; path = resetSound.m4a; sourceTree = "<group>"; };
		1671A17E2B74C7ED009A87A6 /* putSound1.m4a */ = {isa = PBXFileReference; lastKnownFileType = file; path = putSound1.m4a; sourceTree = "<group>"; };
		16780FF52B6881DB005A0244 /* ImmersiveSpaceView.swift */ = {isa = PBXFileReference; lastKnownFileType = sourcecode.swift; path = ImmersiveSpaceView.swift; sourceTree = "<group>"; };
		16780FF82B6892E9005A0244 /* Chessmen.swift */ = {isa = PBXFileReference; lastKnownFileType = sourcecode.swift; path = Chessmen.swift; sourceTree = "<group>"; };
		16780FFA2B689304005A0244 /* Pieces.swift */ = {isa = PBXFileReference; lastKnownFileType = sourcecode.swift; path = Pieces.swift; sourceTree = "<group>"; };
		16780FFC2B6893CF005A0244 /* Index.swift */ = {isa = PBXFileReference; lastKnownFileType = sourcecode.swift; path = Index.swift; sourceTree = "<group>"; };
		1679489E2BC66BA2004DFF4B /* ℹ️AboutApp.swift */ = {isa = PBXFileReference; fileEncoding = 4; lastKnownFileType = sourcecode.swift; path = "ℹ️AboutApp.swift"; sourceTree = "<group>"; };
		1679489F2BC66BA2004DFF4B /* 🗒️StaticInfo.swift */ = {isa = PBXFileReference; fileEncoding = 4; lastKnownFileType = sourcecode.swift; path = "🗒️StaticInfo.swift"; sourceTree = "<group>"; };
		167948A22BC66BB6004DFF4B /* Developer_Publisher.xcassets */ = {isa = PBXFileReference; lastKnownFileType = folder.assetcatalog; path = Developer_Publisher.xcassets; sourceTree = "<group>"; };
		167948A52BC66BD1004DFF4B /* 🌐AboutApp.xcstrings */ = {isa = PBXFileReference; fileEncoding = 4; lastKnownFileType = text.json.xcstrings; path = "🌐AboutApp.xcstrings"; sourceTree = "<group>"; };
		167948A62BC66BD1004DFF4B /* 🌐Timeline.xcstrings */ = {isa = PBXFileReference; fileEncoding = 4; lastKnownFileType = text.json.xcstrings; path = "🌐Timeline.xcstrings"; sourceTree = "<group>"; };
		167948AB2BC66BF7004DFF4B /* Localizable.xcstrings */ = {isa = PBXFileReference; lastKnownFileType = text.json.xcstrings; path = Localizable.xcstrings; sourceTree = "<group>"; };
		167948AE2BC66E78004DFF4B /* 🌐AppStoreDescription.xcstrings */ = {isa = PBXFileReference; fileEncoding = 4; lastKnownFileType = text.json.xcstrings; path = "🌐AppStoreDescription.xcstrings"; sourceTree = "<group>"; };
		167948AF2BC66E78004DFF4B /* 🌐VersionHistory.xcstrings */ = {isa = PBXFileReference; fileEncoding = 4; lastKnownFileType = text.json.xcstrings; path = "🌐VersionHistory.xcstrings"; sourceTree = "<group>"; };
		167948B22BC66EAE004DFF4B /* InfoPlist.xcstrings */ = {isa = PBXFileReference; lastKnownFileType = text.json.xcstrings; path = InfoPlist.xcstrings; sourceTree = "<group>"; };
		167948B42BC674F4004DFF4B /* screenshot1280w.jpg */ = {isa = PBXFileReference; lastKnownFileType = image.jpeg; path = screenshot1280w.jpg; sourceTree = "<group>"; };
		167C0DF62BDA0EF400229714 /* rookW.rcproject.zip */ = {isa = PBXFileReference; lastKnownFileType = archive.zip; path = rookW.rcproject.zip; sourceTree = "<group>"; };
		167C0DF72BDA131300229714 /* App Store product page.jpg */ = {isa = PBXFileReference; lastKnownFileType = image.jpeg; path = "App Store product page.jpg"; sourceTree = "<group>"; };
		167C0DF92BDA14C400229714 /* Reality Composer files.jpg */ = {isa = PBXFileReference; lastKnownFileType = image.jpeg; path = "Reality Composer files.jpg"; sourceTree = "<group>"; };
		167C0DFA2BDA14C500229714 /* Reality Composer export1.jpg */ = {isa = PBXFileReference; lastKnownFileType = image.jpeg; path = "Reality Composer export1.jpg"; sourceTree = "<group>"; };
		167C0DFB2BDA14C500229714 /* Reality Composer buildin.jpg */ = {isa = PBXFileReference; lastKnownFileType = image.jpeg; path = "Reality Composer buildin.jpg"; sourceTree = "<group>"; };
		167C0DFC2BDA14C500229714 /* Reality Composer export2.jpg */ = {isa = PBXFileReference; lastKnownFileType = image.jpeg; path = "Reality Composer export2.jpg"; sourceTree = "<group>"; };
		167C0DFD2BDA14C500229714 /* Reality Composer editor.jpg */ = {isa = PBXFileReference; lastKnownFileType = image.jpeg; path = "Reality Composer editor.jpg"; sourceTree = "<group>"; };
		169333A12B75A7B500B60E0F /* SharedState.swift */ = {isa = PBXFileReference; lastKnownFileType = sourcecode.swift; path = SharedState.swift; sourceTree = "<group>"; };
		169B9E812B68BEA70025FCEB /* BoardView.swift */ = {isa = PBXFileReference; lastKnownFileType = sourcecode.swift; path = BoardView.swift; sourceTree = "<group>"; };
		169C001F2B4A9BE0001242F5 /* PersonaChess.app */ = {isa = PBXFileReference; explicitFileType = wrapper.application; includeInIndex = 0; path = PersonaChess.app; sourceTree = BUILT_PRODUCTS_DIR; };
		169C00262B4A9BE0001242F5 /* App.swift */ = {isa = PBXFileReference; lastKnownFileType = sourcecode.swift; path = App.swift; sourceTree = "<group>"; };
		169C00282B4A9BE0001242F5 /* ContentView(old).swift */ = {isa = PBXFileReference; lastKnownFileType = sourcecode.swift; path = "ContentView(old).swift"; sourceTree = "<group>"; };
		169C002A2B4A9BE2001242F5 /* Assets.xcassets */ = {isa = PBXFileReference; lastKnownFileType = folder.assetcatalog; path = Assets.xcassets; sourceTree = "<group>"; };
		169C002F2B4A9BE2001242F5 /* Info.plist */ = {isa = PBXFileReference; lastKnownFileType = text.plist.xml; path = Info.plist; sourceTree = "<group>"; };
		16AE50272B70FE3100D25197 /* Sound.swift */ = {isa = PBXFileReference; fileEncoding = 4; lastKnownFileType = sourcecode.swift; path = Sound.swift; sourceTree = "<group>"; };
		16B70FC82CA41DFF00DF33C9 /* Interaction.swift */ = {isa = PBXFileReference; lastKnownFileType = sourcecode.swift; path = Interaction.swift; sourceTree = "<group>"; };
		16B70FCB2CA41E6400DF33C9 /* handleInteraction.swift */ = {isa = PBXFileReference; lastKnownFileType = sourcecode.swift; path = handleInteraction.swift; sourceTree = "<group>"; };
		16C477122B8AC23D00343DD8 /* SharePlayProvider.swift */ = {isa = PBXFileReference; fileEncoding = 4; lastKnownFileType = sourcecode.swift; path = SharePlayProvider.swift; sourceTree = "<group>"; };
		16CB3C902B81B091001CA93D /* HallView.swift */ = {isa = PBXFileReference; lastKnownFileType = sourcecode.swift; path = HallView.swift; sourceTree = "<group>"; };
		16CB3C992B8200CE001CA93D /* EntrancePiecesView.swift */ = {isa = PBXFileReference; lastKnownFileType = sourcecode.swift; path = EntrancePiecesView.swift; sourceTree = "<group>"; };
		16EA6A652B6875CA00A3A740 /* rookW.reality */ = {isa = PBXFileReference; lastKnownFileType = file; path = rookW.reality; sourceTree = "<group>"; };
		16EA6A662B6875CA00A3A740 /* rookB.reality */ = {isa = PBXFileReference; lastKnownFileType = file; path = rookB.reality; sourceTree = "<group>"; };
		16EA6A672B6875CA00A3A740 /* bishopW.reality */ = {isa = PBXFileReference; lastKnownFileType = file; path = bishopW.reality; sourceTree = "<group>"; };
		16EA6A682B6875CA00A3A740 /* bishopB.reality */ = {isa = PBXFileReference; lastKnownFileType = file; path = bishopB.reality; sourceTree = "<group>"; };
		16EA6A692B6875CA00A3A740 /* queenW.reality */ = {isa = PBXFileReference; lastKnownFileType = file; path = queenW.reality; sourceTree = "<group>"; };
		16EA6A6A2B6875CA00A3A740 /* queenB.reality */ = {isa = PBXFileReference; lastKnownFileType = file; path = queenB.reality; sourceTree = "<group>"; };
		16EA6A6B2B6875CA00A3A740 /* knightB.reality */ = {isa = PBXFileReference; lastKnownFileType = file; path = knightB.reality; sourceTree = "<group>"; };
		16EA6A6C2B6875CA00A3A740 /* knightW.reality */ = {isa = PBXFileReference; lastKnownFileType = file; path = knightW.reality; sourceTree = "<group>"; };
		16EA6A6D2B6875CA00A3A740 /* kingW.reality */ = {isa = PBXFileReference; lastKnownFileType = file; path = kingW.reality; sourceTree = "<group>"; };
		16EA6A6E2B6875CA00A3A740 /* kingB.reality */ = {isa = PBXFileReference; lastKnownFileType = file; path = kingB.reality; sourceTree = "<group>"; };
		16EA6A6F2B6875CA00A3A740 /* pawnB.reality */ = {isa = PBXFileReference; lastKnownFileType = file; path = pawnB.reality; sourceTree = "<group>"; };
		16EA6A702B6875CA00A3A740 /* pawnW.reality */ = {isa = PBXFileReference; lastKnownFileType = file; path = pawnW.reality; sourceTree = "<group>"; };
		16EA6A7F2B68769C00A3A740 /* Side.swift */ = {isa = PBXFileReference; lastKnownFileType = sourcecode.swift; path = Side.swift; sourceTree = "<group>"; };
		16ECC0F02B85ACE100A1A6B6 /* Mode.swift */ = {isa = PBXFileReference; lastKnownFileType = sourcecode.swift; path = Mode.swift; sourceTree = "<group>"; };
		16F42C582C91A38D006A12E3 /* ActivityState.swift */ = {isa = PBXFileReference; lastKnownFileType = sourcecode.swift; path = ActivityState.swift; sourceTree = "<group>"; };
		16F972742B68B77C00711C53 /* Piece.swift */ = {isa = PBXFileReference; lastKnownFileType = sourcecode.swift; path = Piece.swift; sourceTree = "<group>"; };
		16F972762B68B7FB00711C53 /* Size.swift */ = {isa = PBXFileReference; lastKnownFileType = sourcecode.swift; path = Size.swift; sourceTree = "<group>"; };
		1D5548672E0F9389005759DE /* removeSound.m4a */ = {isa = PBXFileReference; lastKnownFileType = file; path = removeSound.m4a; sourceTree = "<group>"; };
		1D55486A2E0F98CE005759DE /* RemoveButton.swift */ = {isa = PBXFileReference; lastKnownFileType = sourcecode.swift; path = RemoveButton.swift; sourceTree = "<group>"; };
		1D55486C2E0FA1F4005759DE /* BottomButtons.swift */ = {isa = PBXFileReference; lastKnownFileType = sourcecode.swift; path = BottomButtons.swift; sourceTree = "<group>"; };
		1D55486F2E0FB130005759DE /* scaleAnchor.swift */ = {isa = PBXFileReference; lastKnownFileType = sourcecode.swift; path = scaleAnchor.swift; sourceTree = "<group>"; };
		1D5548712E0FB151005759DE /* offset.swift */ = {isa = PBXFileReference; lastKnownFileType = sourcecode.swift; path = offset.swift; sourceTree = "<group>"; };
		1D5548742E10AEFF005759DE /* HandleGroupImmersion.swift */ = {isa = PBXFileReference; lastKnownFileType = sourcecode.swift; path = HandleGroupImmersion.swift; sourceTree = "<group>"; };
		1D78ED702DEA7AA4006BD075 /* SceneKind.swift */ = {isa = PBXFileReference; lastKnownFileType = sourcecode.swift; path = SceneKind.swift; sourceTree = "<group>"; };
		1D78ED732DEB29F2006BD075 /* BoardPosition.swift */ = {isa = PBXFileReference; lastKnownFileType = sourcecode.swift; path = BoardPosition.swift; sourceTree = "<group>"; };
		1D78ED762DEC135B006BD075 /* RolePicker.swift */ = {isa = PBXFileReference; lastKnownFileType = sourcecode.swift; path = RolePicker.swift; sourceTree = "<group>"; };
		1D78ED782DEC1394006BD075 /* assign.swift */ = {isa = PBXFileReference; lastKnownFileType = sourcecode.swift; path = assign.swift; sourceTree = "<group>"; };
		1D78ED792DEC2692006BD075 /* Chessmen+Extension.swift */ = {isa = PBXFileReference; lastKnownFileType = sourcecode.swift; path = "Chessmen+Extension.swift"; sourceTree = "<group>"; };
		1D78ED7B2DEC26D9006BD075 /* Pieces+Extension.swift */ = {isa = PBXFileReference; lastKnownFileType = sourcecode.swift; path = "Pieces+Extension.swift"; sourceTree = "<group>"; };
		1D78ED7D2DEC295C006BD075 /* Size+Extensions.swift */ = {isa = PBXFileReference; lastKnownFileType = sourcecode.swift; path = "Size+Extensions.swift"; sourceTree = "<group>"; };
		1D78ED802DEC2A16006BD075 /* RotateBoardButton.swift */ = {isa = PBXFileReference; lastKnownFileType = sourcecode.swift; path = RotateBoardButton.swift; sourceTree = "<group>"; };
		1D78ED822DEC2A96006BD075 /* UndoButton.swift */ = {isa = PBXFileReference; lastKnownFileType = sourcecode.swift; path = UndoButton.swift; sourceTree = "<group>"; };
		1D78ED842DEC2AA6006BD075 /* ResetButton.swift */ = {isa = PBXFileReference; lastKnownFileType = sourcecode.swift; path = ResetButton.swift; sourceTree = "<group>"; };
		1D78ED862DEC2AB4006BD075 /* OpenGuideMenuButton.swift */ = {isa = PBXFileReference; lastKnownFileType = sourcecode.swift; path = OpenGuideMenuButton.swift; sourceTree = "<group>"; };
		1D78ED892DEC521C006BD075 /* DragState.swift */ = {isa = PBXFileReference; lastKnownFileType = sourcecode.swift; path = DragState.swift; sourceTree = "<group>"; };
		1D78ED8C2DEDE145006BD075 /* PieceAnimation+Extension.swift */ = {isa = PBXFileReference; lastKnownFileType = sourcecode.swift; path = "PieceAnimation+Extension.swift"; sourceTree = "<group>"; };
		1D7D8AA22DEE82D6009E4F0E /* ChessView_iOS.swift */ = {isa = PBXFileReference; lastKnownFileType = sourcecode.swift; path = ChessView_iOS.swift; sourceTree = "<group>"; };
		1DD18A282DD9968800CF0645 /* VolumeWindowView.swift */ = {isa = PBXFileReference; lastKnownFileType = sourcecode.swift; path = VolumeWindowView.swift; sourceTree = "<group>"; };
/* End PBXFileReference section */

/* Begin PBXFrameworksBuildPhase section */
		16312B552B75D0FB006A93D1 /* Frameworks */ = {
			isa = PBXFrameworksBuildPhase;
			buildActionMask = 2147483647;
			files = (
			);
			runOnlyForDeploymentPostprocessing = 0;
		};
		169C001C2B4A9BE0001242F5 /* Frameworks */ = {
			isa = PBXFrameworksBuildPhase;
			buildActionMask = 2147483647;
			files = (
			);
			runOnlyForDeploymentPostprocessing = 0;
		};
/* End PBXFrameworksBuildPhase section */

/* Begin PBXGroup section */
		1605C23E2CA02F0000725749 /* AppModel */ = {
			isa = PBXGroup;
			children = (
				165EC69D2B68C5E30005172B /* AppModel.swift */,
				16B70FCB2CA41E6400DF33C9 /* handleInteraction.swift */,
				1605C23F2CA02F3B00725749 /* excuteAction.swift */,
				1605C2452CA02F5100725749 /* sharePlay.swift */,
				1605C2482CA02F5800725749 /* rest.swift */,
			);
			path = AppModel;
			sourceTree = "<group>";
		};
		162145942CC2801F00A6A87E /* Rest */ = {
			isa = PBXGroup;
			children = (
				161A13912C96733B0075C57B /* AboutOptionsMenu.swift */,
				161A13932C9674320075C57B /* AboutAppLink.swift */,
				161A13962C9674990075C57B /* WhatsSharePlayMenu.swift */,
				161A13952C9674990075C57B /* WhatsPersonaMenu.swift */,
			);
			path = Rest;
			sourceTree = "<group>";
		};
		16261D652C8D1E5A00C2822C /* GuideMenu */ = {
			isa = PBXGroup;
			children = (
				1D78ED862DEC2AB4006BD075 /* OpenGuideMenuButton.swift */,
				16261D662C8D1E6200C2822C /* GuideMenuView.swift */,
				162145942CC2801F00A6A87E /* Rest */,
			);
			path = GuideMenu;
			sourceTree = "<group>";
		};
		16312B592B75D0FB006A93D1 /* iOS for debug */ = {
			isa = PBXGroup;
			children = (
				16312B5A2B75D0FB006A93D1 /* App.swift */,
				16312B5C2B75D0FB006A93D1 /* ContentView.swift */,
				1D7D8AA22DEE82D6009E4F0E /* ChessView_iOS.swift */,
				162145882CBD0B9F00A6A87E /* ChessView_2DMode.swift */,
				1621458B2CBD1F9600A6A87E /* SquareView_2DMode.swift */,
				1621458D2CBD1FC300A6A87E /* PieceView_2DMode.swift */,
				16C5D1BF2CC478760074F0A1 /* Rest */,
				16C5D1C02CC4787F0074F0A1 /* Supporting files */,
			);
			path = "iOS for debug";
			sourceTree = "<group>";
		};
		1662F1512B89F3C90024763B /* Chess */ = {
			isa = PBXGroup;
			children = (
				1671A1592B720778009A87A6 /* ChessView.swift */,
				169B9E812B68BEA70025FCEB /* BoardView.swift */,
				165EC6A42B69153B0005172B /* SquareView.swift */,
				1671A16A2B74A872009A87A6 /* RealityKit scope */,
			);
			path = Chess;
			sourceTree = "<group>";
		};
		1671A1552B720659009A87A6 /* Supporting files */ = {
			isa = PBXGroup;
			children = (
				169C002F2B4A9BE2001242F5 /* Info.plist */,
				165EC6A32B6914430005172B /* PersonaChess.entitlements */,
				167948AD2BC66E10004DFF4B /* Assets */,
				167948A42BC66BC7004DFF4B /* 🌐Localization */,
				1671A1802B74D341009A87A6 /* Rest */,
			);
			path = "Supporting files";
			sourceTree = "<group>";
		};
		1671A1562B72069F009A87A6 /* README assets */ = {
			isa = PBXGroup;
			children = (
				1671A1622B7323C2009A87A6 /* icon.png */,
				1671A1572B7206BD009A87A6 /* appstore_badge.svg */,
				167948B42BC674F4004DFF4B /* screenshot1280w.jpg */,
				160805FE2C08050F0064FCB2 /* screenshot1280w2.jpg */,
				160805FF2C08050F0064FCB2 /* screenshot1280w3.jpg */,
			);
			path = "README assets";
			sourceTree = "<group>";
		};
		1671A1692B74A866009A87A6 /* ImmersiveSpace */ = {
			isa = PBXGroup;
			children = (
				16780FF52B6881DB005A0244 /* ImmersiveSpaceView.swift */,
				1D55486E2E0FB12A005759DE /* Rest */,
			);
			path = ImmersiveSpace;
			sourceTree = "<group>";
		};
		1671A16A2B74A872009A87A6 /* RealityKit scope */ = {
			isa = PBXGroup;
			children = (
				16428EB32C9FAA2600E93B86 /* Entities.swift */,
				1671A1602B72354F009A87A6 /* PieceEntity.swift */,
				16AE50272B70FE3100D25197 /* Sound.swift */,
			);
			path = "RealityKit scope";
			sourceTree = "<group>";
		};
		1671A16B2B74A89B009A87A6 /* SharePlay */ = {
			isa = PBXGroup;
			children = (
				165EC6A12B6913250005172B /* AppGroupActivity.swift */,
				16C477122B8AC23D00343DD8 /* SharePlayProvider.swift */,
			);
			path = SharePlay;
			sourceTree = "<group>";
		};
		1671A16C2B74A8A5009A87A6 /* SharedState */ = {
			isa = PBXGroup;
			children = (
				169333A12B75A7B500B60E0F /* SharedState.swift */,
				16780FFA2B689304005A0244 /* Pieces.swift */,
				16F972742B68B77C00711C53 /* Piece.swift */,
				16780FFC2B6893CF005A0244 /* Index.swift */,
				16780FF82B6892E9005A0244 /* Chessmen.swift */,
				16EA6A7F2B68769C00A3A740 /* Side.swift */,
				165EC69F2B6901670005172B /* Action.swift */,
				16ECC0F02B85ACE100A1A6B6 /* Mode.swift */,
				1D78ED732DEB29F2006BD075 /* BoardPosition.swift */,
			);
			path = SharedState;
			sourceTree = "<group>";
		};
		1671A17D2B74C6B2009A87A6 /* Sound */ = {
			isa = PBXGroup;
			children = (
				1671A17E2B74C7ED009A87A6 /* putSound1.m4a */,
				1671A1712B74C637009A87A6 /* putSound2.m4a */,
				1671A16D2B74C634009A87A6 /* putSound3.m4a */,
				1671A1732B74C638009A87A6 /* putSound4.m4a */,
				1671A16E2B74C635009A87A6 /* putSound5.m4a */,
				1671A16F2B74C635009A87A6 /* putSound6.m4a */,
				1671A1722B74C638009A87A6 /* selectSound.m4a */,
				1671A1742B74C639009A87A6 /* resetSound.m4a */,
				1D5548672E0F9389005759DE /* removeSound.m4a */,
			);
			path = Sound;
			sourceTree = "<group>";
		};
		1671A1802B74D341009A87A6 /* Rest */ = {
			isa = PBXGroup;
			children = (
				1671A1562B72069F009A87A6 /* README assets */,
				16780FF72B6887B9005A0244 /* Archive */,
			);
			path = Rest;
			sourceTree = "<group>";
		};
		16780FF72B6887B9005A0244 /* Archive */ = {
			isa = PBXGroup;
			children = (
				1D78ED772DEC138F006BD075 /* Role */,
				16261D6F2C8D585700C2822C /* RecordingRoom.swift */,
				16261D622C8D1CD900C2822C /* CenterWindowView.swift */,
				16CB3C902B81B091001CA93D /* HallView.swift */,
				16CB3C992B8200CE001CA93D /* EntrancePiecesView.swift */,
				169C00282B4A9BE0001242F5 /* ContentView(old).swift */,
				1601FEF72B4AA42D0050457E /* シンプルボード.reality */,
			);
			path = Archive;
			sourceTree = "<group>";
		};
		1679489D2BC66B88004DFF4B /* Rest */ = {
			isa = PBXGroup;
			children = (
				1679489F2BC66BA2004DFF4B /* 🗒️StaticInfo.swift */,
				1679489E2BC66BA2004DFF4B /* ℹ️AboutApp.swift */,
				16F42C5B2C91A39F006A12E3 /* Compatibility */,
			);
			path = Rest;
			sourceTree = "<group>";
		};
		167948A42BC66BC7004DFF4B /* 🌐Localization */ = {
			isa = PBXGroup;
			children = (
				167948AB2BC66BF7004DFF4B /* Localizable.xcstrings */,
				167948B22BC66EAE004DFF4B /* InfoPlist.xcstrings */,
				167948AE2BC66E78004DFF4B /* 🌐AppStoreDescription.xcstrings */,
				167948AF2BC66E78004DFF4B /* 🌐VersionHistory.xcstrings */,
				167948A52BC66BD1004DFF4B /* 🌐AboutApp.xcstrings */,
				167948A62BC66BD1004DFF4B /* 🌐Timeline.xcstrings */,
			);
			path = "🌐Localization";
			sourceTree = "<group>";
		};
		167948AD2BC66E10004DFF4B /* Assets */ = {
			isa = PBXGroup;
			children = (
				169C002A2B4A9BE2001242F5 /* Assets.xcassets */,
				167948A22BC66BB6004DFF4B /* Developer_Publisher.xcassets */,
				16EA6A642B6875CA00A3A740 /* Piece */,
				1671A17D2B74C6B2009A87A6 /* Sound */,
			);
			path = Assets;
			sourceTree = "<group>";
		};
		167948B52BC67612004DFF4B /* Rest */ = {
			isa = PBXGroup;
			children = (
				1D78ED702DEA7AA4006BD075 /* SceneKind.swift */,
				16F972762B68B7FB00711C53 /* Size.swift */,
				16B70FC82CA41DFF00DF33C9 /* Interaction.swift */,
				1621458F2CBFD0C200A6A87E /* PieceAnimation.swift */,
				1679489D2BC66B88004DFF4B /* Rest */,
			);
			path = Rest;
			sourceTree = "<group>";
		};
		167C0DF42BDA0EA200229714 /* About */ = {
			isa = PBXGroup;
			children = (
				1671A1632B7324CA009A87A6 /* About piece assets.md */,
				167C0DF82BDA131C00229714 /* Screenshot log */,
				167C0DFE2BDA154600229714 /* Example rcproject file */,
			);
			path = About;
			sourceTree = "<group>";
		};
		167C0DF82BDA131C00229714 /* Screenshot log */ = {
			isa = PBXGroup;
			children = (
				167C0DF72BDA131300229714 /* App Store product page.jpg */,
				167C0DFB2BDA14C500229714 /* Reality Composer buildin.jpg */,
				167C0DF92BDA14C400229714 /* Reality Composer files.jpg */,
				167C0DFD2BDA14C500229714 /* Reality Composer editor.jpg */,
				167C0DFA2BDA14C500229714 /* Reality Composer export1.jpg */,
				167C0DFC2BDA14C500229714 /* Reality Composer export2.jpg */,
			);
			path = "Screenshot log";
			sourceTree = "<group>";
		};
		167C0DFE2BDA154600229714 /* Example rcproject file */ = {
			isa = PBXGroup;
			children = (
				167C0DF62BDA0EF400229714 /* rookW.rcproject.zip */,
			);
			path = "Example rcproject file";
			sourceTree = "<group>";
		};
		169C00162B4A9BE0001242F5 = {
			isa = PBXGroup;
			children = (
				166D208C2B71F6560000EAF6 /* README.md */,
				169C00212B4A9BE0001242F5 /* PersonaChess */,
				16312B592B75D0FB006A93D1 /* iOS for debug */,
				169C00202B4A9BE0001242F5 /* Products */,
			);
			sourceTree = "<group>";
		};
		169C00202B4A9BE0001242F5 /* Products */ = {
			isa = PBXGroup;
			children = (
				169C001F2B4A9BE0001242F5 /* PersonaChess.app */,
				16312B582B75D0FB006A93D1 /* PersonaChess.app */,
			);
			name = Products;
			sourceTree = "<group>";
		};
		169C00212B4A9BE0001242F5 /* PersonaChess */ = {
			isa = PBXGroup;
			children = (
				169C00262B4A9BE0001242F5 /* App.swift */,
				1605C23E2CA02F0000725749 /* AppModel */,
				1671A16C2B74A8A5009A87A6 /* SharedState */,
				1D78ED882DEC5211006BD075 /* DragState */,
				16A0F0862B89FE2900EC0FE8 /* View */,
				1671A16B2B74A89B009A87A6 /* SharePlay */,
				167948B52BC67612004DFF4B /* Rest */,
				1671A1552B720659009A87A6 /* Supporting files */,
			);
			path = PersonaChess;
			sourceTree = "<group>";
		};
		16A0F0862B89FE2900EC0FE8 /* View */ = {
			isa = PBXGroup;
			children = (
				1662F1512B89F3C90024763B /* Chess */,
				1DD18A272DD9967100CF0645 /* VolumeWindow */,
				1671A1692B74A866009A87A6 /* ImmersiveSpace */,
				1D5548732E10AEE7005759DE /* Rest */,
			);
			path = View;
			sourceTree = "<group>";
		};
		16A34CBD2C8D75FA004192AC /* Rest */ = {
			isa = PBXGroup;
			children = (
				1D55486C2E0FA1F4005759DE /* BottomButtons.swift */,
				16261D732C8D61F800C2822C /* OpenAndDismiss3DSpaceButton.swift */,
				1D78ED802DEC2A16006BD075 /* RotateBoardButton.swift */,
				1D55486A2E0F98CE005759DE /* RemoveButton.swift */,
				1D78ED822DEC2A96006BD075 /* UndoButton.swift */,
				1D78ED842DEC2AA6006BD075 /* ResetButton.swift */,
			);
			path = Rest;
			sourceTree = "<group>";
		};
		16C5D1BF2CC478760074F0A1 /* Rest */ = {
			isa = PBXGroup;
			children = (
				1D78ED7B2DEC26D9006BD075 /* Pieces+Extension.swift */,
				1D78ED792DEC2692006BD075 /* Chessmen+Extension.swift */,
				1D78ED7D2DEC295C006BD075 /* Size+Extensions.swift */,
				16312B742B75D45B006A93D1 /* HeaderMenu.swift */,
				16312B752B75D45B006A93D1 /* BottomMenuView.swift */,
				1D78ED8C2DEDE145006BD075 /* PieceAnimation+Extension.swift */,
			);
			path = Rest;
			sourceTree = "<group>";
		};
		16C5D1C02CC4787F0074F0A1 /* Supporting files */ = {
			isa = PBXGroup;
			children = (
				16312B5E2B75D0FD006A93D1 /* Assets.xcassets */,
				16312B812B75D581006A93D1 /* iOS for debug.entitlements */,
			);
			path = "Supporting files";
			sourceTree = "<group>";
		};
		16EA6A642B6875CA00A3A740 /* Piece */ = {
			isa = PBXGroup;
			children = (
				16EA6A652B6875CA00A3A740 /* rookW.reality */,
				16EA6A662B6875CA00A3A740 /* rookB.reality */,
				16EA6A672B6875CA00A3A740 /* bishopW.reality */,
				16EA6A682B6875CA00A3A740 /* bishopB.reality */,
				16EA6A692B6875CA00A3A740 /* queenW.reality */,
				16EA6A6A2B6875CA00A3A740 /* queenB.reality */,
				16EA6A6B2B6875CA00A3A740 /* knightB.reality */,
				16EA6A6C2B6875CA00A3A740 /* knightW.reality */,
				16EA6A6D2B6875CA00A3A740 /* kingW.reality */,
				16EA6A6E2B6875CA00A3A740 /* kingB.reality */,
				16EA6A6F2B6875CA00A3A740 /* pawnB.reality */,
				16EA6A702B6875CA00A3A740 /* pawnW.reality */,
				167C0DF42BDA0EA200229714 /* About */,
			);
			path = Piece;
			sourceTree = "<group>";
		};
		16F42C5B2C91A39F006A12E3 /* Compatibility */ = {
			isa = PBXGroup;
			children = (
				16F42C582C91A38D006A12E3 /* ActivityState.swift */,
			);
			path = Compatibility;
			sourceTree = "<group>";
		};
		1D55486E2E0FB12A005759DE /* Rest */ = {
			isa = PBXGroup;
			children = (
				1D5548712E0FB151005759DE /* offset.swift */,
				1D55486F2E0FB130005759DE /* scaleAnchor.swift */,
			);
			path = Rest;
			sourceTree = "<group>";
		};
		1D5548732E10AEE7005759DE /* Rest */ = {
			isa = PBXGroup;
			children = (
				1D5548742E10AEFF005759DE /* HandleGroupImmersion.swift */,
			);
			path = Rest;
			sourceTree = "<group>";
		};
		1D78ED772DEC138F006BD075 /* Role */ = {
			isa = PBXGroup;
			children = (
				164B839B2C8DC4E4001D9DBA /* CustomSpatialTemplate.swift */,
				1D78ED782DEC1394006BD075 /* assign.swift */,
				1D78ED762DEC135B006BD075 /* RolePicker.swift */,
			);
			path = Role;
			sourceTree = "<group>";
		};
		1D78ED882DEC5211006BD075 /* DragState */ = {
			isa = PBXGroup;
			children = (
				1D78ED892DEC521C006BD075 /* DragState.swift */,
			);
			path = DragState;
			sourceTree = "<group>";
		};
		1DD18A272DD9967100CF0645 /* VolumeWindow */ = {
			isa = PBXGroup;
			children = (
				1DD18A282DD9968800CF0645 /* VolumeWindowView.swift */,
				16261D652C8D1E5A00C2822C /* GuideMenu */,
				16A34CBD2C8D75FA004192AC /* Rest */,
			);
			path = VolumeWindow;
			sourceTree = "<group>";
		};
/* End PBXGroup section */

/* Begin PBXNativeTarget section */
		16312B572B75D0FB006A93D1 /* iOS for debug */ = {
			isa = PBXNativeTarget;
			buildConfigurationList = 16312B652B75D0FD006A93D1 /* Build configuration list for PBXNativeTarget "iOS for debug" */;
			buildPhases = (
				16312B542B75D0FB006A93D1 /* Sources */,
				16312B552B75D0FB006A93D1 /* Frameworks */,
				16312B562B75D0FB006A93D1 /* Resources */,
			);
			buildRules = (
			);
			dependencies = (
			);
			name = "iOS for debug";
			productName = "iOS for debug";
			productReference = 16312B582B75D0FB006A93D1 /* PersonaChess.app */;
			productType = "com.apple.product-type.application";
		};
		169C001E2B4A9BE0001242F5 /* PersonaChess */ = {
			isa = PBXNativeTarget;
			buildConfigurationList = 169C00322B4A9BE2001242F5 /* Build configuration list for PBXNativeTarget "PersonaChess" */;
			buildPhases = (
				169C001B2B4A9BE0001242F5 /* Sources */,
				169C001C2B4A9BE0001242F5 /* Frameworks */,
				169C001D2B4A9BE0001242F5 /* Resources */,
				167948B92BC6A5EC004DFF4B /* CopyFiles */,
			);
			buildRules = (
			);
			dependencies = (
			);
			name = PersonaChess;
			packageProductDependencies = (
			);
			productName = SpatialChess;
			productReference = 169C001F2B4A9BE0001242F5 /* PersonaChess.app */;
			productType = "com.apple.product-type.application";
		};
/* End PBXNativeTarget section */

/* Begin PBXProject section */
		169C00172B4A9BE0001242F5 /* Project object */ = {
			isa = PBXProject;
			attributes = {
				BuildIndependentTargetsInParallel = 1;
				LastSwiftUpdateCheck = 1520;
				LastUpgradeCheck = 1630;
				TargetAttributes = {
					16312B572B75D0FB006A93D1 = {
						CreatedOnToolsVersion = 15.2;
					};
					169C001E2B4A9BE0001242F5 = {
						CreatedOnToolsVersion = 15.2;
					};
				};
			};
			buildConfigurationList = 169C001A2B4A9BE0001242F5 /* Build configuration list for PBXProject "PersonaChess" */;
			compatibilityVersion = "Xcode 14.0";
			developmentRegion = en;
			hasScannedForEncodings = 0;
			knownRegions = (
				en,
				Base,
				ja,
			);
			mainGroup = 169C00162B4A9BE0001242F5;
			productRefGroup = 169C00202B4A9BE0001242F5 /* Products */;
			projectDirPath = "";
			projectRoot = "";
			targets = (
				169C001E2B4A9BE0001242F5 /* PersonaChess */,
				16312B572B75D0FB006A93D1 /* iOS for debug */,
			);
		};
/* End PBXProject section */

/* Begin PBXResourcesBuildPhase section */
		16312B562B75D0FB006A93D1 /* Resources */ = {
			isa = PBXResourcesBuildPhase;
			buildActionMask = 2147483647;
			files = (
				1D5548682E0F9389005759DE /* removeSound.m4a in Resources */,
				16312B5F2B75D0FD006A93D1 /* Assets.xcassets in Resources */,
				16312B7C2B75D570006A93D1 /* selectSound.m4a in Resources */,
				16312B7D2B75D570006A93D1 /* resetSound.m4a in Resources */,
				16312B7B2B75D570006A93D1 /* putSound6.m4a in Resources */,
				16312B7F2B75D570006A93D1 /* putSound5.m4a in Resources */,
				16312B7A2B75D570006A93D1 /* putSound2.m4a in Resources */,
				168D33622CBCC28800216A16 /* kingW.reality in Resources */,
				168D33632CBCC28800216A16 /* rookW.reality in Resources */,
				168D33642CBCC28800216A16 /* bishopW.reality in Resources */,
				168D33652CBCC28800216A16 /* queenB.reality in Resources */,
				168D33662CBCC28800216A16 /* bishopB.reality in Resources */,
				168D33672CBCC28800216A16 /* knightB.reality in Resources */,
				168D33682CBCC28800216A16 /* rookB.reality in Resources */,
				168D33692CBCC28800216A16 /* pawnB.reality in Resources */,
				168D336A2CBCC28800216A16 /* kingB.reality in Resources */,
				168D336B2CBCC28800216A16 /* knightW.reality in Resources */,
				168D336C2CBCC28800216A16 /* pawnW.reality in Resources */,
				168D336D2CBCC28800216A16 /* queenW.reality in Resources */,
				16312B792B75D570006A93D1 /* putSound4.m4a in Resources */,
				16312B802B75D570006A93D1 /* putSound3.m4a in Resources */,
				16312B7E2B75D570006A93D1 /* putSound1.m4a in Resources */,
			);
			runOnlyForDeploymentPostprocessing = 0;
		};
		169C001D2B4A9BE0001242F5 /* Resources */ = {
			isa = PBXResourcesBuildPhase;
			buildActionMask = 2147483647;
			files = (
				167948B12BC66E78004DFF4B /* 🌐VersionHistory.xcstrings in Resources */,
				16EA6A772B6875CA00A3A740 /* knightB.reality in Resources */,
				16EA6A782B6875CA00A3A740 /* knightW.reality in Resources */,
				16EA6A7C2B6875CA00A3A740 /* pawnW.reality in Resources */,
				167948B02BC66E78004DFF4B /* 🌐AppStoreDescription.xcstrings in Resources */,
				167948A82BC66BD1004DFF4B /* 🌐Timeline.xcstrings in Resources */,
				16EA6A732B6875CA00A3A740 /* bishopW.reality in Resources */,
				1671A1792B74C63A009A87A6 /* putSound2.m4a in Resources */,
				169C002B2B4A9BE2001242F5 /* Assets.xcassets in Resources */,
				1671A1752B74C63A009A87A6 /* putSound3.m4a in Resources */,
				167948A72BC66BD1004DFF4B /* 🌐AboutApp.xcstrings in Resources */,
				16EA6A7B2B6875CA00A3A740 /* pawnB.reality in Resources */,
				16EA6A792B6875CA00A3A740 /* kingW.reality in Resources */,
				1671A1772B74C63A009A87A6 /* putSound6.m4a in Resources */,
				1D5548692E0F9389005759DE /* removeSound.m4a in Resources */,
				16EA6A752B6875CA00A3A740 /* queenW.reality in Resources */,
				167948A32BC66BB6004DFF4B /* Developer_Publisher.xcassets in Resources */,
				1671A1762B74C63A009A87A6 /* putSound5.m4a in Resources */,
				1671A17C2B74C63A009A87A6 /* resetSound.m4a in Resources */,
				16EA6A722B6875CA00A3A740 /* rookB.reality in Resources */,
				1671A17A2B74C63A009A87A6 /* selectSound.m4a in Resources */,
				16EA6A742B6875CA00A3A740 /* bishopB.reality in Resources */,
				167948B32BC66EAE004DFF4B /* InfoPlist.xcstrings in Resources */,
				16EA6A7A2B6875CA00A3A740 /* kingB.reality in Resources */,
				1671A17F2B74C7ED009A87A6 /* putSound1.m4a in Resources */,
				16EA6A762B6875CA00A3A740 /* queenB.reality in Resources */,
				16EA6A712B6875CA00A3A740 /* rookW.reality in Resources */,
				1671A17B2B74C63A009A87A6 /* putSound4.m4a in Resources */,
				167948AC2BC66BF7004DFF4B /* Localizable.xcstrings in Resources */,
			);
			runOnlyForDeploymentPostprocessing = 0;
		};
/* End PBXResourcesBuildPhase section */

/* Begin PBXSourcesBuildPhase section */
		16312B542B75D0FB006A93D1 /* Sources */ = {
			isa = PBXSourcesBuildPhase;
			buildActionMask = 2147483647;
			files = (
				161774682CCFB0360075E8F0 /* PieceView_2DMode.swift in Sources */,
				1D7D8AA32DEE82DA009E4F0E /* ChessView_iOS.swift in Sources */,
				1605C24B2CA1539300725749 /* Entities.swift in Sources */,
				16A0F0882B8A001300EC0FE8 /* Size.swift in Sources */,
				16312B6C2B75D193006A93D1 /* AppGroupActivity.swift in Sources */,
				1605C2492CA02F5A00725749 /* rest.swift in Sources */,
				162145872CBD070900A6A87E /* handleInteraction.swift in Sources */,
				1D78ED752DEB29F9006BD075 /* BoardPosition.swift in Sources */,
				16312B6F2B75D193006A93D1 /* Action.swift in Sources */,
				16B70FC92CA41E0300DF33C9 /* Interaction.swift in Sources */,
				162145912CBFD0C700A6A87E /* PieceAnimation.swift in Sources */,
				16312B692B75D193006A93D1 /* Pieces.swift in Sources */,
				1D78ED8D2DEDE14C006BD075 /* PieceAnimation+Extension.swift in Sources */,
				16312B6D2B75D193006A93D1 /* Side.swift in Sources */,
				16312B6E2B75D193006A93D1 /* Index.swift in Sources */,
				16312B672B75D193006A93D1 /* Piece.swift in Sources */,
				1D78ED7E2DEC2960006BD075 /* Size+Extensions.swift in Sources */,
				16312B682B75D193006A93D1 /* SharedState.swift in Sources */,
				16312B702B75D1B9006A93D1 /* AppModel.swift in Sources */,
				16312B6B2B75D193006A93D1 /* Sound.swift in Sources */,
				1D78ED7A2DEC2698006BD075 /* Chessmen+Extension.swift in Sources */,
				1D78ED7C2DEC26DD006BD075 /* Pieces+Extension.swift in Sources */,
				1605C2402CA02F3F00725749 /* excuteAction.swift in Sources */,
				1D78ED8B2DEC521F006BD075 /* DragState.swift in Sources */,
				161774672CCFB0020075E8F0 /* ChessView_2DMode.swift in Sources */,
				161774692CCFB0B80075E8F0 /* SquareView_2DMode.swift in Sources */,
				16312B772B75D45B006A93D1 /* HeaderMenu.swift in Sources */,
				16312B5D2B75D0FB006A93D1 /* ContentView.swift in Sources */,
				16C477152B8AC2E800343DD8 /* SharePlayProvider.swift in Sources */,
				1619528C2CBC9CA600E6F171 /* PieceEntity.swift in Sources */,
				1605C2472CA02F5500725749 /* sharePlay.swift in Sources */,
				16312B782B75D45B006A93D1 /* BottomMenuView.swift in Sources */,
				16312B6A2B75D193006A93D1 /* Chessmen.swift in Sources */,
				16312B5B2B75D0FB006A93D1 /* App.swift in Sources */,
				1D78ED722DEA7AB3006BD075 /* SceneKind.swift in Sources */,
				16ECC0F22B85ACE100A1A6B6 /* Mode.swift in Sources */,
			);
			runOnlyForDeploymentPostprocessing = 0;
		};
		169C001B2B4A9BE0001242F5 /* Sources */ = {
			isa = PBXSourcesBuildPhase;
			buildActionMask = 2147483647;
			files = (
				1671A15A2B720779009A87A6 /* ChessView.swift in Sources */,
				169B9E822B68BEA80025FCEB /* BoardView.swift in Sources */,
				165EC6A22B6913260005172B /* AppGroupActivity.swift in Sources */,
				161A13922C96733B0075C57B /* AboutOptionsMenu.swift in Sources */,
				161A13942C9674320075C57B /* AboutAppLink.swift in Sources */,
				16ECC0F12B85ACE100A1A6B6 /* Mode.swift in Sources */,
				16428EB42C9FAA2D00E93B86 /* Entities.swift in Sources */,
				16261D672C8D1E6400C2822C /* GuideMenuView.swift in Sources */,
				165EC6A02B6901670005172B /* Action.swift in Sources */,
				161A13972C9674990075C57B /* WhatsPersonaMenu.swift in Sources */,
				1605C2412CA02F3F00725749 /* excuteAction.swift in Sources */,
				161A13982C9674990075C57B /* WhatsSharePlayMenu.swift in Sources */,
				1671A1612B723550009A87A6 /* PieceEntity.swift in Sources */,
				1D78ED872DEC2AB4006BD075 /* OpenGuideMenuButton.swift in Sources */,
				1D78ED852DEC2AA6006BD075 /* ResetButton.swift in Sources */,
				1605C24A2CA02F5A00725749 /* rest.swift in Sources */,
				167948A02BC66BA2004DFF4B /* ℹ️AboutApp.swift in Sources */,
				1D78ED812DEC2A19006BD075 /* RotateBoardButton.swift in Sources */,
				16780FFB2B689304005A0244 /* Pieces.swift in Sources */,
				16261D742C8D61FE00C2822C /* OpenAndDismiss3DSpaceButton.swift in Sources */,
				1D5548702E0FB134005759DE /* scaleAnchor.swift in Sources */,
				167948A12BC66BA2004DFF4B /* 🗒️StaticInfo.swift in Sources */,
				16F972752B68B77C00711C53 /* Piece.swift in Sources */,
				1D78ED742DEB29F9006BD075 /* BoardPosition.swift in Sources */,
				16AE50282B70FE3200D25197 /* Sound.swift in Sources */,
				16F42C592C91A391006A12E3 /* ActivityState.swift in Sources */,
				165EC6A52B69153B0005172B /* SquareView.swift in Sources */,
				1605C2462CA02F5500725749 /* sharePlay.swift in Sources */,
				16780FF62B6881DB005A0244 /* ImmersiveSpaceView.swift in Sources */,
				169333A22B75A7B500B60E0F /* SharedState.swift in Sources */,
				1D78ED8A2DEC521F006BD075 /* DragState.swift in Sources */,
				16F972772B68B7FB00711C53 /* Size.swift in Sources */,
				16C477132B8AC23D00343DD8 /* SharePlayProvider.swift in Sources */,
				1D5548752E10AEFF005759DE /* HandleGroupImmersion.swift in Sources */,
				169C00272B4A9BE0001242F5 /* App.swift in Sources */,
				16B70FCA2CA41E0300DF33C9 /* Interaction.swift in Sources */,
				1D5548722E0FB153005759DE /* offset.swift in Sources */,
				1D78ED832DEC2A96006BD075 /* UndoButton.swift in Sources */,
				16B70FCD2CA41E6800DF33C9 /* handleInteraction.swift in Sources */,
				1DD18A292DD9968B00CF0645 /* VolumeWindowView.swift in Sources */,
				165EC69E2B68C5E40005172B /* AppModel.swift in Sources */,
				1D55486D2E0FA1F9005759DE /* BottomButtons.swift in Sources */,
				16780FF92B6892E9005A0244 /* Chessmen.swift in Sources */,
				1D55486B2E0F98CE005759DE /* RemoveButton.swift in Sources */,
				1D78ED712DEA7AB3006BD075 /* SceneKind.swift in Sources */,
				16EA6A802B68769C00A3A740 /* Side.swift in Sources */,
				16780FFD2B6893CF005A0244 /* Index.swift in Sources */,
				162145902CBFD0C700A6A87E /* PieceAnimation.swift in Sources */,
			);
			runOnlyForDeploymentPostprocessing = 0;
		};
/* End PBXSourcesBuildPhase section */

/* Begin XCBuildConfiguration section */
		16312B632B75D0FD006A93D1 /* Debug */ = {
			isa = XCBuildConfiguration;
			buildSettings = {
				ASSETCATALOG_COMPILER_APPICON_NAME = AppIcon;
				ASSETCATALOG_COMPILER_GLOBAL_ACCENT_COLOR_NAME = AccentColor;
				CODE_SIGN_ENTITLEMENTS = "iOS for debug/Supporting files/iOS for debug.entitlements";
				CODE_SIGN_STYLE = Automatic;
				CURRENT_PROJECT_VERSION = 1;
				DEVELOPMENT_ASSET_PATHS = "";
				ENABLE_PREVIEWS = YES;
				GENERATE_INFOPLIST_FILE = YES;
				INFOPLIST_KEY_UIApplicationSceneManifest_Generation = YES;
				INFOPLIST_KEY_UIApplicationSupportsIndirectInputEvents = YES;
				INFOPLIST_KEY_UILaunchScreen_Generation = YES;
				INFOPLIST_KEY_UISupportedInterfaceOrientations_iPad = "UIInterfaceOrientationPortrait UIInterfaceOrientationPortraitUpsideDown UIInterfaceOrientationLandscapeLeft UIInterfaceOrientationLandscapeRight";
				INFOPLIST_KEY_UISupportedInterfaceOrientations_iPhone = "UIInterfaceOrientationPortrait UIInterfaceOrientationLandscapeLeft UIInterfaceOrientationLandscapeRight";
				INFOPLIST_KEY_UIUserInterfaceStyle = Light;
				IPHONEOS_DEPLOYMENT_TARGET = 18.0;
				LD_RUNPATH_SEARCH_PATHS = (
					"$(inherited)",
					"@executable_path/Frameworks",
				);
				MARKETING_VERSION = 1.0;
				PRODUCT_BUNDLE_IDENTIFIER = net.aaaakkkkssssttttnnnn.PersonaChess;
				PRODUCT_NAME = PersonaChess;
				SDKROOT = iphoneos;
				SWIFT_EMIT_LOC_STRINGS = YES;
				SWIFT_VERSION = 5.0;
				TARGETED_DEVICE_FAMILY = "1,2";
			};
			name = Debug;
		};
		16312B642B75D0FD006A93D1 /* Release */ = {
			isa = XCBuildConfiguration;
			buildSettings = {
				ASSETCATALOG_COMPILER_APPICON_NAME = AppIcon;
				ASSETCATALOG_COMPILER_GLOBAL_ACCENT_COLOR_NAME = AccentColor;
				CODE_SIGN_ENTITLEMENTS = "iOS for debug/Supporting files/iOS for debug.entitlements";
				CODE_SIGN_STYLE = Automatic;
				CURRENT_PROJECT_VERSION = 1;
				DEVELOPMENT_ASSET_PATHS = "";
				ENABLE_PREVIEWS = YES;
				GENERATE_INFOPLIST_FILE = YES;
				INFOPLIST_KEY_UIApplicationSceneManifest_Generation = YES;
				INFOPLIST_KEY_UIApplicationSupportsIndirectInputEvents = YES;
				INFOPLIST_KEY_UILaunchScreen_Generation = YES;
				INFOPLIST_KEY_UISupportedInterfaceOrientations_iPad = "UIInterfaceOrientationPortrait UIInterfaceOrientationPortraitUpsideDown UIInterfaceOrientationLandscapeLeft UIInterfaceOrientationLandscapeRight";
				INFOPLIST_KEY_UISupportedInterfaceOrientations_iPhone = "UIInterfaceOrientationPortrait UIInterfaceOrientationLandscapeLeft UIInterfaceOrientationLandscapeRight";
				INFOPLIST_KEY_UIUserInterfaceStyle = Light;
				IPHONEOS_DEPLOYMENT_TARGET = 18.0;
				LD_RUNPATH_SEARCH_PATHS = (
					"$(inherited)",
					"@executable_path/Frameworks",
				);
				MARKETING_VERSION = 1.0;
				PRODUCT_BUNDLE_IDENTIFIER = net.aaaakkkkssssttttnnnn.PersonaChess;
				PRODUCT_NAME = PersonaChess;
				SDKROOT = iphoneos;
				SWIFT_EMIT_LOC_STRINGS = YES;
				SWIFT_VERSION = 5.0;
				TARGETED_DEVICE_FAMILY = "1,2";
			};
			name = Release;
		};
		169C00302B4A9BE2001242F5 /* Debug */ = {
			isa = XCBuildConfiguration;
			buildSettings = {
				ALWAYS_SEARCH_USER_PATHS = NO;
				ASSETCATALOG_COMPILER_GENERATE_SWIFT_ASSET_SYMBOL_EXTENSIONS = YES;
				CLANG_ANALYZER_LOCALIZABILITY_NONLOCALIZED = YES;
				CLANG_ANALYZER_NONNULL = YES;
				CLANG_ANALYZER_NUMBER_OBJECT_CONVERSION = YES_AGGRESSIVE;
				CLANG_CXX_LANGUAGE_STANDARD = "gnu++20";
				CLANG_ENABLE_MODULES = YES;
				CLANG_ENABLE_OBJC_ARC = YES;
				CLANG_ENABLE_OBJC_WEAK = YES;
				CLANG_WARN_BLOCK_CAPTURE_AUTORELEASING = YES;
				CLANG_WARN_BOOL_CONVERSION = YES;
				CLANG_WARN_COMMA = YES;
				CLANG_WARN_CONSTANT_CONVERSION = YES;
				CLANG_WARN_DEPRECATED_OBJC_IMPLEMENTATIONS = YES;
				CLANG_WARN_DIRECT_OBJC_ISA_USAGE = YES_ERROR;
				CLANG_WARN_DOCUMENTATION_COMMENTS = YES;
				CLANG_WARN_EMPTY_BODY = YES;
				CLANG_WARN_ENUM_CONVERSION = YES;
				CLANG_WARN_INFINITE_RECURSION = YES;
				CLANG_WARN_INT_CONVERSION = YES;
				CLANG_WARN_NON_LITERAL_NULL_CONVERSION = YES;
				CLANG_WARN_OBJC_IMPLICIT_RETAIN_SELF = YES;
				CLANG_WARN_OBJC_LITERAL_CONVERSION = YES;
				CLANG_WARN_OBJC_ROOT_CLASS = YES_ERROR;
				CLANG_WARN_QUOTED_INCLUDE_IN_FRAMEWORK_HEADER = YES;
				CLANG_WARN_RANGE_LOOP_ANALYSIS = YES;
				CLANG_WARN_STRICT_PROTOTYPES = YES;
				CLANG_WARN_SUSPICIOUS_MOVE = YES;
				CLANG_WARN_UNGUARDED_AVAILABILITY = YES_AGGRESSIVE;
				CLANG_WARN_UNREACHABLE_CODE = YES;
				CLANG_WARN__DUPLICATE_METHOD_MATCH = YES;
				COPY_PHASE_STRIP = NO;
				DEBUG_INFORMATION_FORMAT = dwarf;
				DEVELOPMENT_TEAM = 6696GEY228;
				ENABLE_STRICT_OBJC_MSGSEND = YES;
				ENABLE_TESTABILITY = YES;
				ENABLE_USER_SCRIPT_SANDBOXING = YES;
				GCC_C_LANGUAGE_STANDARD = gnu17;
				GCC_DYNAMIC_NO_PIC = NO;
				GCC_NO_COMMON_BLOCKS = YES;
				GCC_OPTIMIZATION_LEVEL = 0;
				GCC_PREPROCESSOR_DEFINITIONS = (
					"DEBUG=1",
					"$(inherited)",
				);
				GCC_WARN_64_TO_32_BIT_CONVERSION = YES;
				GCC_WARN_ABOUT_RETURN_TYPE = YES_ERROR;
				GCC_WARN_UNDECLARED_SELECTOR = YES;
				GCC_WARN_UNINITIALIZED_AUTOS = YES_AGGRESSIVE;
				GCC_WARN_UNUSED_FUNCTION = YES;
				GCC_WARN_UNUSED_VARIABLE = YES;
				LOCALIZATION_PREFERS_STRING_CATALOGS = YES;
				MTL_ENABLE_DEBUG_INFO = INCLUDE_SOURCE;
				MTL_FAST_MATH = YES;
				ONLY_ACTIVE_ARCH = YES;
				SDKROOT = xros;
				SWIFT_ACTIVE_COMPILATION_CONDITIONS = "DEBUG $(inherited)";
				SWIFT_OPTIMIZATION_LEVEL = "-Onone";
				XROS_DEPLOYMENT_TARGET = 1.1;
			};
			name = Debug;
		};
		169C00312B4A9BE2001242F5 /* Release */ = {
			isa = XCBuildConfiguration;
			buildSettings = {
				ALWAYS_SEARCH_USER_PATHS = NO;
				ASSETCATALOG_COMPILER_GENERATE_SWIFT_ASSET_SYMBOL_EXTENSIONS = YES;
				CLANG_ANALYZER_LOCALIZABILITY_NONLOCALIZED = YES;
				CLANG_ANALYZER_NONNULL = YES;
				CLANG_ANALYZER_NUMBER_OBJECT_CONVERSION = YES_AGGRESSIVE;
				CLANG_CXX_LANGUAGE_STANDARD = "gnu++20";
				CLANG_ENABLE_MODULES = YES;
				CLANG_ENABLE_OBJC_ARC = YES;
				CLANG_ENABLE_OBJC_WEAK = YES;
				CLANG_WARN_BLOCK_CAPTURE_AUTORELEASING = YES;
				CLANG_WARN_BOOL_CONVERSION = YES;
				CLANG_WARN_COMMA = YES;
				CLANG_WARN_CONSTANT_CONVERSION = YES;
				CLANG_WARN_DEPRECATED_OBJC_IMPLEMENTATIONS = YES;
				CLANG_WARN_DIRECT_OBJC_ISA_USAGE = YES_ERROR;
				CLANG_WARN_DOCUMENTATION_COMMENTS = YES;
				CLANG_WARN_EMPTY_BODY = YES;
				CLANG_WARN_ENUM_CONVERSION = YES;
				CLANG_WARN_INFINITE_RECURSION = YES;
				CLANG_WARN_INT_CONVERSION = YES;
				CLANG_WARN_NON_LITERAL_NULL_CONVERSION = YES;
				CLANG_WARN_OBJC_IMPLICIT_RETAIN_SELF = YES;
				CLANG_WARN_OBJC_LITERAL_CONVERSION = YES;
				CLANG_WARN_OBJC_ROOT_CLASS = YES_ERROR;
				CLANG_WARN_QUOTED_INCLUDE_IN_FRAMEWORK_HEADER = YES;
				CLANG_WARN_RANGE_LOOP_ANALYSIS = YES;
				CLANG_WARN_STRICT_PROTOTYPES = YES;
				CLANG_WARN_SUSPICIOUS_MOVE = YES;
				CLANG_WARN_UNGUARDED_AVAILABILITY = YES_AGGRESSIVE;
				CLANG_WARN_UNREACHABLE_CODE = YES;
				CLANG_WARN__DUPLICATE_METHOD_MATCH = YES;
				COPY_PHASE_STRIP = NO;
				DEBUG_INFORMATION_FORMAT = "dwarf-with-dsym";
				DEVELOPMENT_TEAM = 6696GEY228;
				ENABLE_NS_ASSERTIONS = NO;
				ENABLE_STRICT_OBJC_MSGSEND = YES;
				ENABLE_USER_SCRIPT_SANDBOXING = YES;
				GCC_C_LANGUAGE_STANDARD = gnu17;
				GCC_NO_COMMON_BLOCKS = YES;
				GCC_WARN_64_TO_32_BIT_CONVERSION = YES;
				GCC_WARN_ABOUT_RETURN_TYPE = YES_ERROR;
				GCC_WARN_UNDECLARED_SELECTOR = YES;
				GCC_WARN_UNINITIALIZED_AUTOS = YES_AGGRESSIVE;
				GCC_WARN_UNUSED_FUNCTION = YES;
				GCC_WARN_UNUSED_VARIABLE = YES;
				LOCALIZATION_PREFERS_STRING_CATALOGS = YES;
				MTL_ENABLE_DEBUG_INFO = NO;
				MTL_FAST_MATH = YES;
				SDKROOT = xros;
				SWIFT_COMPILATION_MODE = wholemodule;
				VALIDATE_PRODUCT = YES;
				XROS_DEPLOYMENT_TARGET = 1.1;
			};
			name = Release;
		};
		169C00332B4A9BE2001242F5 /* Debug */ = {
			isa = XCBuildConfiguration;
			buildSettings = {
				ASSETCATALOG_COMPILER_APPICON_NAME = AppIcon;
				ASSETCATALOG_COMPILER_GLOBAL_ACCENT_COLOR_NAME = AccentColor;
				CODE_SIGN_ENTITLEMENTS = "PersonaChess/Supporting files/PersonaChess.entitlements";
				CODE_SIGN_STYLE = Automatic;
				CURRENT_PROJECT_VERSION = 4;
				DEVELOPMENT_ASSET_PATHS = "";
				ENABLE_PREVIEWS = YES;
				GENERATE_INFOPLIST_FILE = YES;
				INFOPLIST_FILE = "$(TARGET_NAME)/Supporting files/Info.plist";
				INFOPLIST_KEY_LSApplicationCategoryType = "public.app-category.board-games";
				LD_RUNPATH_SEARCH_PATHS = (
					"$(inherited)",
					"@executable_path/Frameworks",
				);
				MARKETING_VERSION = 2.0;
				PRODUCT_BUNDLE_IDENTIFIER = net.aaaakkkkssssttttnnnn.PersonaChess;
				PRODUCT_NAME = PersonaChess;
				SUPPORTED_PLATFORMS = "xros xrsimulator";
				SWIFT_EMIT_LOC_STRINGS = YES;
				SWIFT_VERSION = 5.0;
				TARGETED_DEVICE_FAMILY = "1,2,7";
				XROS_DEPLOYMENT_TARGET = 2.5;
			};
			name = Debug;
		};
		169C00342B4A9BE2001242F5 /* Release */ = {
			isa = XCBuildConfiguration;
			buildSettings = {
				ASSETCATALOG_COMPILER_APPICON_NAME = AppIcon;
				ASSETCATALOG_COMPILER_GLOBAL_ACCENT_COLOR_NAME = AccentColor;
				CODE_SIGN_ENTITLEMENTS = "PersonaChess/Supporting files/PersonaChess.entitlements";
				CODE_SIGN_STYLE = Automatic;
				CURRENT_PROJECT_VERSION = 4;
				DEVELOPMENT_ASSET_PATHS = "";
				ENABLE_PREVIEWS = YES;
				GENERATE_INFOPLIST_FILE = YES;
				INFOPLIST_FILE = "$(TARGET_NAME)/Supporting files/Info.plist";
				INFOPLIST_KEY_LSApplicationCategoryType = "public.app-category.board-games";
				LD_RUNPATH_SEARCH_PATHS = (
					"$(inherited)",
					"@executable_path/Frameworks",
				);
				MARKETING_VERSION = 2.0;
				PRODUCT_BUNDLE_IDENTIFIER = net.aaaakkkkssssttttnnnn.PersonaChess;
				PRODUCT_NAME = PersonaChess;
				SUPPORTED_PLATFORMS = "xros xrsimulator";
				SWIFT_EMIT_LOC_STRINGS = YES;
				SWIFT_VERSION = 5.0;
				TARGETED_DEVICE_FAMILY = "1,2,7";
				XROS_DEPLOYMENT_TARGET = 2.5;
			};
			name = Release;
		};
/* End XCBuildConfiguration section */

/* Begin XCConfigurationList section */
		16312B652B75D0FD006A93D1 /* Build configuration list for PBXNativeTarget "iOS for debug" */ = {
			isa = XCConfigurationList;
			buildConfigurations = (
				16312B632B75D0FD006A93D1 /* Debug */,
				16312B642B75D0FD006A93D1 /* Release */,
			);
			defaultConfigurationIsVisible = 0;
			defaultConfigurationName = Release;
		};
		169C001A2B4A9BE0001242F5 /* Build configuration list for PBXProject "PersonaChess" */ = {
			isa = XCConfigurationList;
			buildConfigurations = (
				169C00302B4A9BE2001242F5 /* Debug */,
				169C00312B4A9BE2001242F5 /* Release */,
			);
			defaultConfigurationIsVisible = 0;
			defaultConfigurationName = Release;
		};
		169C00322B4A9BE2001242F5 /* Build configuration list for PBXNativeTarget "PersonaChess" */ = {
			isa = XCConfigurationList;
			buildConfigurations = (
				169C00332B4A9BE2001242F5 /* Debug */,
				169C00342B4A9BE2001242F5 /* Release */,
			);
			defaultConfigurationIsVisible = 0;
			defaultConfigurationName = Release;
		};
/* End XCConfigurationList section */
	};
	rootObject = 169C00172B4A9BE0001242F5 /* Project object */;
}
