// !$*UTF8*$!
{
	archiveVersion = 1;
	classes = {
	};
	objectVersion = 56;
	objects = {

/* Begin PBXBuildFile section */
		1601FEF82B4AA42D0050457E /* シンプルボード.reality in Resources */ = {isa = PBXBuildFile; fileRef = 1601FEF72B4AA42D0050457E /* シンプルボード.reality */; };
		1601FEFA2B4AA43A0050457E /* 駒.reality in Resources */ = {isa = PBXBuildFile; fileRef = 1601FEF92B4AA43A0050457E /* 駒.reality */; };
		1619D2462B8324C200F7FE0A /* PreferredScene.swift in Sources */ = {isa = PBXBuildFile; fileRef = 1619D2452B8324C200F7FE0A /* PreferredScene.swift */; };
		1619D2472B8324D900F7FE0A /* PreferredScene.swift in Sources */ = {isa = PBXBuildFile; fileRef = 1619D2452B8324C200F7FE0A /* PreferredScene.swift */; };
		1619D2482B834AA500F7FE0A /* ToolbarPosition.swift in Sources */ = {isa = PBXBuildFile; fileRef = 1671A1642B749F2B009A87A6 /* ToolbarPosition.swift */; };
		1619D24A2B834EA400F7FE0A /* FullScreenView.swift in Sources */ = {isa = PBXBuildFile; fileRef = 1619D2492B834EA400F7FE0A /* FullScreenView.swift */; };
		161A740F2B6A4FC10057FD17 /* ToolbarView.swift in Sources */ = {isa = PBXBuildFile; fileRef = 161A740E2B6A4FC10057FD17 /* ToolbarView.swift */; };
		16312B532B75BB52006A93D1 /* SharePlayMenu.swift in Sources */ = {isa = PBXBuildFile; fileRef = 16312B522B75BB52006A93D1 /* SharePlayMenu.swift */; };
		16312B5B2B75D0FB006A93D1 /* iOS_for_debugApp.swift in Sources */ = {isa = PBXBuildFile; fileRef = 16312B5A2B75D0FB006A93D1 /* iOS_for_debugApp.swift */; };
		16312B5D2B75D0FB006A93D1 /* ContentView.swift in Sources */ = {isa = PBXBuildFile; fileRef = 16312B5C2B75D0FB006A93D1 /* ContentView.swift */; };
		16312B5F2B75D0FD006A93D1 /* Assets.xcassets in Resources */ = {isa = PBXBuildFile; fileRef = 16312B5E2B75D0FD006A93D1 /* Assets.xcassets */; };
		16312B662B75D193006A93D1 /* FixedValue.swift in Sources */ = {isa = PBXBuildFile; fileRef = 16F972762B68B7FB00711C53 /* FixedValue.swift */; };
		16312B672B75D193006A93D1 /* Piece.swift in Sources */ = {isa = PBXBuildFile; fileRef = 16F972742B68B77C00711C53 /* Piece.swift */; };
		16312B682B75D193006A93D1 /* ActivityState.swift in Sources */ = {isa = PBXBuildFile; fileRef = 169333A12B75A7B500B60E0F /* ActivityState.swift */; };
		16312B692B75D193006A93D1 /* Chess.swift in Sources */ = {isa = PBXBuildFile; fileRef = 16780FFA2B689304005A0244 /* Chess.swift */; };
		16312B6A2B75D193006A93D1 /* Chessmen.swift in Sources */ = {isa = PBXBuildFile; fileRef = 16780FF82B6892E9005A0244 /* Chessmen.swift */; };
		16312B6B2B75D193006A93D1 /* SoundFeedback.swift in Sources */ = {isa = PBXBuildFile; fileRef = 16AE50272B70FE3100D25197 /* SoundFeedback.swift */; };
		16312B6C2B75D193006A93D1 /* AppGroupActivity.swift in Sources */ = {isa = PBXBuildFile; fileRef = 165EC6A12B6913250005172B /* AppGroupActivity.swift */; };
		16312B6D2B75D193006A93D1 /* Side.swift in Sources */ = {isa = PBXBuildFile; fileRef = 16EA6A7F2B68769C00A3A740 /* Side.swift */; };
		16312B6E2B75D193006A93D1 /* Index.swift in Sources */ = {isa = PBXBuildFile; fileRef = 16780FFC2B6893CF005A0244 /* Index.swift */; };
		16312B6F2B75D193006A93D1 /* Action.swift in Sources */ = {isa = PBXBuildFile; fileRef = 165EC69F2B6901670005172B /* Action.swift */; };
		16312B702B75D1B9006A93D1 /* AppModel.swift in Sources */ = {isa = PBXBuildFile; fileRef = 165EC69D2B68C5E30005172B /* AppModel.swift */; };
		16312B722B75D201006A93D1 /* PieceEntity.swift in Sources */ = {isa = PBXBuildFile; fileRef = 1671A1602B72354F009A87A6 /* PieceEntity.swift */; };
		16312B762B75D45B006A93D1 /* ChessView.swift in Sources */ = {isa = PBXBuildFile; fileRef = 16312B732B75D45A006A93D1 /* ChessView.swift */; };
		16312B772B75D45B006A93D1 /* SharePlayMenu.swift in Sources */ = {isa = PBXBuildFile; fileRef = 16312B742B75D45B006A93D1 /* SharePlayMenu.swift */; };
		16312B782B75D45B006A93D1 /* ToolbarView.swift in Sources */ = {isa = PBXBuildFile; fileRef = 16312B752B75D45B006A93D1 /* ToolbarView.swift */; };
		16312B792B75D570006A93D1 /* putSound4.m4a in Resources */ = {isa = PBXBuildFile; fileRef = 1671A1732B74C638009A87A6 /* putSound4.m4a */; };
		16312B7A2B75D570006A93D1 /* putSound2.m4a in Resources */ = {isa = PBXBuildFile; fileRef = 1671A1712B74C637009A87A6 /* putSound2.m4a */; };
		16312B7B2B75D570006A93D1 /* putSound6.m4a in Resources */ = {isa = PBXBuildFile; fileRef = 1671A16F2B74C635009A87A6 /* putSound6.m4a */; };
		16312B7C2B75D570006A93D1 /* selectSound.m4a in Resources */ = {isa = PBXBuildFile; fileRef = 1671A1722B74C638009A87A6 /* selectSound.m4a */; };
		16312B7D2B75D570006A93D1 /* resetSound.m4a in Resources */ = {isa = PBXBuildFile; fileRef = 1671A1742B74C639009A87A6 /* resetSound.m4a */; };
		16312B7E2B75D570006A93D1 /* putSound1.m4a in Resources */ = {isa = PBXBuildFile; fileRef = 1671A17E2B74C7ED009A87A6 /* putSound1.m4a */; };
		16312B7F2B75D570006A93D1 /* putSound5.m4a in Resources */ = {isa = PBXBuildFile; fileRef = 1671A16E2B74C635009A87A6 /* putSound5.m4a */; };
		16312B802B75D570006A93D1 /* putSound3.m4a in Resources */ = {isa = PBXBuildFile; fileRef = 1671A16D2B74C634009A87A6 /* putSound3.m4a */; };
		165EC69E2B68C5E40005172B /* AppModel.swift in Sources */ = {isa = PBXBuildFile; fileRef = 165EC69D2B68C5E30005172B /* AppModel.swift */; };
		165EC6A02B6901670005172B /* Action.swift in Sources */ = {isa = PBXBuildFile; fileRef = 165EC69F2B6901670005172B /* Action.swift */; };
		165EC6A22B6913260005172B /* AppGroupActivity.swift in Sources */ = {isa = PBXBuildFile; fileRef = 165EC6A12B6913250005172B /* AppGroupActivity.swift */; };
		165EC6A52B69153B0005172B /* SquareView.swift in Sources */ = {isa = PBXBuildFile; fileRef = 165EC6A42B69153B0005172B /* SquareView.swift */; };
		1671A15A2B720779009A87A6 /* ChessView.swift in Sources */ = {isa = PBXBuildFile; fileRef = 1671A1592B720778009A87A6 /* ChessView.swift */; };
		1671A1612B723550009A87A6 /* PieceEntity.swift in Sources */ = {isa = PBXBuildFile; fileRef = 1671A1602B72354F009A87A6 /* PieceEntity.swift */; };
		1671A1652B749F2B009A87A6 /* ToolbarPosition.swift in Sources */ = {isa = PBXBuildFile; fileRef = 1671A1642B749F2B009A87A6 /* ToolbarPosition.swift */; };
		1671A1682B74A040009A87A6 /* ToolbarsView.swift in Sources */ = {isa = PBXBuildFile; fileRef = 1671A1672B74A040009A87A6 /* ToolbarsView.swift */; };
		1671A1752B74C63A009A87A6 /* putSound3.m4a in Resources */ = {isa = PBXBuildFile; fileRef = 1671A16D2B74C634009A87A6 /* putSound3.m4a */; };
		1671A1762B74C63A009A87A6 /* putSound5.m4a in Resources */ = {isa = PBXBuildFile; fileRef = 1671A16E2B74C635009A87A6 /* putSound5.m4a */; };
		1671A1772B74C63A009A87A6 /* putSound6.m4a in Resources */ = {isa = PBXBuildFile; fileRef = 1671A16F2B74C635009A87A6 /* putSound6.m4a */; };
		1671A1792B74C63A009A87A6 /* putSound2.m4a in Resources */ = {isa = PBXBuildFile; fileRef = 1671A1712B74C637009A87A6 /* putSound2.m4a */; };
		1671A17A2B74C63A009A87A6 /* selectSound.m4a in Resources */ = {isa = PBXBuildFile; fileRef = 1671A1722B74C638009A87A6 /* selectSound.m4a */; };
		1671A17B2B74C63A009A87A6 /* putSound4.m4a in Resources */ = {isa = PBXBuildFile; fileRef = 1671A1732B74C638009A87A6 /* putSound4.m4a */; };
		1671A17C2B74C63A009A87A6 /* resetSound.m4a in Resources */ = {isa = PBXBuildFile; fileRef = 1671A1742B74C639009A87A6 /* resetSound.m4a */; };
		1671A17F2B74C7ED009A87A6 /* putSound1.m4a in Resources */ = {isa = PBXBuildFile; fileRef = 1671A17E2B74C7ED009A87A6 /* putSound1.m4a */; };
		16780FF62B6881DB005A0244 /* FullSpaceView.swift in Sources */ = {isa = PBXBuildFile; fileRef = 16780FF52B6881DB005A0244 /* FullSpaceView.swift */; };
		16780FF92B6892E9005A0244 /* Chessmen.swift in Sources */ = {isa = PBXBuildFile; fileRef = 16780FF82B6892E9005A0244 /* Chessmen.swift */; };
		16780FFB2B689304005A0244 /* Chess.swift in Sources */ = {isa = PBXBuildFile; fileRef = 16780FFA2B689304005A0244 /* Chess.swift */; };
		16780FFD2B6893CF005A0244 /* Index.swift in Sources */ = {isa = PBXBuildFile; fileRef = 16780FFC2B6893CF005A0244 /* Index.swift */; };
		1685BE3B2B69CAE6005E944B /* PieceOpacitySystem.swift in Sources */ = {isa = PBXBuildFile; fileRef = 1685BE3A2B69CAE6005E944B /* PieceOpacitySystem.swift */; };
		169333A22B75A7B500B60E0F /* ActivityState.swift in Sources */ = {isa = PBXBuildFile; fileRef = 169333A12B75A7B500B60E0F /* ActivityState.swift */; };
		169B9E822B68BEA80025FCEB /* BoardView.swift in Sources */ = {isa = PBXBuildFile; fileRef = 169B9E812B68BEA70025FCEB /* BoardView.swift */; };
		169C00272B4A9BE0001242F5 /* App.swift in Sources */ = {isa = PBXBuildFile; fileRef = 169C00262B4A9BE0001242F5 /* App.swift */; };
		169C002B2B4A9BE2001242F5 /* Assets.xcassets in Resources */ = {isa = PBXBuildFile; fileRef = 169C002A2B4A9BE2001242F5 /* Assets.xcassets */; };
		16AE50282B70FE3200D25197 /* SoundFeedback.swift in Sources */ = {isa = PBXBuildFile; fileRef = 16AE50272B70FE3100D25197 /* SoundFeedback.swift */; };
		16CB3C8C2B7F8907001CA93D /* EntranceView.swift in Sources */ = {isa = PBXBuildFile; fileRef = 16CB3C8B2B7F8907001CA93D /* EntranceView.swift */; };
		16CB3C8F2B81881C001CA93D /* EntranceWindow.swift in Sources */ = {isa = PBXBuildFile; fileRef = 16CB3C8E2B81881C001CA93D /* EntranceWindow.swift */; };
		16CB3C912B81B091001CA93D /* HallView.swift in Sources */ = {isa = PBXBuildFile; fileRef = 16CB3C902B81B091001CA93D /* HallView.swift */; };
		16CB3C9A2B8200CE001CA93D /* EntrancePiecesView.swift in Sources */ = {isa = PBXBuildFile; fileRef = 16CB3C992B8200CE001CA93D /* EntrancePiecesView.swift */; };
		16EA6A712B6875CA00A3A740 /* rookW.reality in Resources */ = {isa = PBXBuildFile; fileRef = 16EA6A652B6875CA00A3A740 /* rookW.reality */; };
		16EA6A722B6875CA00A3A740 /* rookB.reality in Resources */ = {isa = PBXBuildFile; fileRef = 16EA6A662B6875CA00A3A740 /* rookB.reality */; };
		16EA6A732B6875CA00A3A740 /* bishopW.reality in Resources */ = {isa = PBXBuildFile; fileRef = 16EA6A672B6875CA00A3A740 /* bishopW.reality */; };
		16EA6A742B6875CA00A3A740 /* bishopB.reality in Resources */ = {isa = PBXBuildFile; fileRef = 16EA6A682B6875CA00A3A740 /* bishopB.reality */; };
		16EA6A752B6875CA00A3A740 /* queenW.reality in Resources */ = {isa = PBXBuildFile; fileRef = 16EA6A692B6875CA00A3A740 /* queenW.reality */; };
		16EA6A762B6875CA00A3A740 /* queenB.reality in Resources */ = {isa = PBXBuildFile; fileRef = 16EA6A6A2B6875CA00A3A740 /* queenB.reality */; };
		16EA6A772B6875CA00A3A740 /* knightB.reality in Resources */ = {isa = PBXBuildFile; fileRef = 16EA6A6B2B6875CA00A3A740 /* knightB.reality */; };
		16EA6A782B6875CA00A3A740 /* knightW.reality in Resources */ = {isa = PBXBuildFile; fileRef = 16EA6A6C2B6875CA00A3A740 /* knightW.reality */; };
		16EA6A792B6875CA00A3A740 /* kingW.reality in Resources */ = {isa = PBXBuildFile; fileRef = 16EA6A6D2B6875CA00A3A740 /* kingW.reality */; };
		16EA6A7A2B6875CA00A3A740 /* kingB.reality in Resources */ = {isa = PBXBuildFile; fileRef = 16EA6A6E2B6875CA00A3A740 /* kingB.reality */; };
		16EA6A7B2B6875CA00A3A740 /* pawnB.reality in Resources */ = {isa = PBXBuildFile; fileRef = 16EA6A6F2B6875CA00A3A740 /* pawnB.reality */; };
		16EA6A7C2B6875CA00A3A740 /* pawnW.reality in Resources */ = {isa = PBXBuildFile; fileRef = 16EA6A702B6875CA00A3A740 /* pawnW.reality */; };
		16EA6A802B68769C00A3A740 /* Side.swift in Sources */ = {isa = PBXBuildFile; fileRef = 16EA6A7F2B68769C00A3A740 /* Side.swift */; };
		16F972752B68B77C00711C53 /* Piece.swift in Sources */ = {isa = PBXBuildFile; fileRef = 16F972742B68B77C00711C53 /* Piece.swift */; };
		16F972772B68B7FB00711C53 /* FixedValue.swift in Sources */ = {isa = PBXBuildFile; fileRef = 16F972762B68B7FB00711C53 /* FixedValue.swift */; };
/* End PBXBuildFile section */

/* Begin PBXFileReference section */
		1601FEF72B4AA42D0050457E /* シンプルボード.reality */ = {isa = PBXFileReference; lastKnownFileType = file; path = "シンプルボード.reality"; sourceTree = "<group>"; };
		1601FEF92B4AA43A0050457E /* 駒.reality */ = {isa = PBXFileReference; lastKnownFileType = file; path = "駒.reality"; sourceTree = "<group>"; };
		1619D2452B8324C200F7FE0A /* PreferredScene.swift */ = {isa = PBXFileReference; lastKnownFileType = sourcecode.swift; path = PreferredScene.swift; sourceTree = "<group>"; };
		1619D2492B834EA400F7FE0A /* FullScreenView.swift */ = {isa = PBXFileReference; lastKnownFileType = sourcecode.swift; path = FullScreenView.swift; sourceTree = "<group>"; };
		161A740E2B6A4FC10057FD17 /* ToolbarView.swift */ = {isa = PBXFileReference; lastKnownFileType = sourcecode.swift; path = ToolbarView.swift; sourceTree = "<group>"; };
		16312B522B75BB52006A93D1 /* SharePlayMenu.swift */ = {isa = PBXFileReference; lastKnownFileType = sourcecode.swift; path = SharePlayMenu.swift; sourceTree = "<group>"; };
		16312B582B75D0FB006A93D1 /* iOS for debug.app */ = {isa = PBXFileReference; explicitFileType = wrapper.application; includeInIndex = 0; path = "iOS for debug.app"; sourceTree = BUILT_PRODUCTS_DIR; };
		16312B5A2B75D0FB006A93D1 /* iOS_for_debugApp.swift */ = {isa = PBXFileReference; lastKnownFileType = sourcecode.swift; path = iOS_for_debugApp.swift; sourceTree = "<group>"; };
		16312B5C2B75D0FB006A93D1 /* ContentView.swift */ = {isa = PBXFileReference; lastKnownFileType = sourcecode.swift; path = ContentView.swift; sourceTree = "<group>"; };
		16312B5E2B75D0FD006A93D1 /* Assets.xcassets */ = {isa = PBXFileReference; lastKnownFileType = folder.assetcatalog; path = Assets.xcassets; sourceTree = "<group>"; };
		16312B732B75D45A006A93D1 /* ChessView.swift */ = {isa = PBXFileReference; fileEncoding = 4; lastKnownFileType = sourcecode.swift; path = ChessView.swift; sourceTree = "<group>"; };
		16312B742B75D45B006A93D1 /* SharePlayMenu.swift */ = {isa = PBXFileReference; fileEncoding = 4; lastKnownFileType = sourcecode.swift; path = SharePlayMenu.swift; sourceTree = "<group>"; };
		16312B752B75D45B006A93D1 /* ToolbarView.swift */ = {isa = PBXFileReference; fileEncoding = 4; lastKnownFileType = sourcecode.swift; path = ToolbarView.swift; sourceTree = "<group>"; };
		16312B812B75D581006A93D1 /* iOS for debug.entitlements */ = {isa = PBXFileReference; lastKnownFileType = text.plist.entitlements; path = "iOS for debug.entitlements"; sourceTree = "<group>"; };
		165EC69D2B68C5E30005172B /* AppModel.swift */ = {isa = PBXFileReference; lastKnownFileType = sourcecode.swift; path = AppModel.swift; sourceTree = "<group>"; };
		165EC69F2B6901670005172B /* Action.swift */ = {isa = PBXFileReference; lastKnownFileType = sourcecode.swift; path = Action.swift; sourceTree = "<group>"; };
		165EC6A12B6913250005172B /* AppGroupActivity.swift */ = {isa = PBXFileReference; fileEncoding = 4; lastKnownFileType = sourcecode.swift; path = AppGroupActivity.swift; sourceTree = "<group>"; };
		165EC6A32B6914430005172B /* SpatiallyChess.entitlements */ = {isa = PBXFileReference; lastKnownFileType = text.plist.entitlements; path = SpatiallyChess.entitlements; sourceTree = "<group>"; };
		165EC6A42B69153B0005172B /* SquareView.swift */ = {isa = PBXFileReference; lastKnownFileType = sourcecode.swift; path = SquareView.swift; sourceTree = "<group>"; };
		166D208C2B71F6560000EAF6 /* README.md */ = {isa = PBXFileReference; lastKnownFileType = net.daringfireball.markdown; path = README.md; sourceTree = "<group>"; };
		1671A1572B7206BD009A87A6 /* appstore_badge.svg */ = {isa = PBXFileReference; lastKnownFileType = text; path = appstore_badge.svg; sourceTree = "<group>"; };
		1671A1592B720778009A87A6 /* ChessView.swift */ = {isa = PBXFileReference; lastKnownFileType = sourcecode.swift; path = ChessView.swift; sourceTree = "<group>"; };
		1671A1602B72354F009A87A6 /* PieceEntity.swift */ = {isa = PBXFileReference; fileEncoding = 4; lastKnownFileType = sourcecode.swift; path = PieceEntity.swift; sourceTree = "<group>"; };
		1671A1622B7323C2009A87A6 /* icon.png */ = {isa = PBXFileReference; lastKnownFileType = image.png; path = icon.png; sourceTree = "<group>"; };
		1671A1632B7324CA009A87A6 /* README.md */ = {isa = PBXFileReference; lastKnownFileType = net.daringfireball.markdown; path = README.md; sourceTree = "<group>"; };
		1671A1642B749F2B009A87A6 /* ToolbarPosition.swift */ = {isa = PBXFileReference; lastKnownFileType = sourcecode.swift; path = ToolbarPosition.swift; sourceTree = "<group>"; };
		1671A1672B74A040009A87A6 /* ToolbarsView.swift */ = {isa = PBXFileReference; lastKnownFileType = sourcecode.swift; path = ToolbarsView.swift; sourceTree = "<group>"; };
		1671A16D2B74C634009A87A6 /* putSound3.m4a */ = {isa = PBXFileReference; lastKnownFileType = file; path = putSound3.m4a; sourceTree = "<group>"; };
		1671A16E2B74C635009A87A6 /* putSound5.m4a */ = {isa = PBXFileReference; lastKnownFileType = file; path = putSound5.m4a; sourceTree = "<group>"; };
		1671A16F2B74C635009A87A6 /* putSound6.m4a */ = {isa = PBXFileReference; lastKnownFileType = file; path = putSound6.m4a; sourceTree = "<group>"; };
		1671A1712B74C637009A87A6 /* putSound2.m4a */ = {isa = PBXFileReference; lastKnownFileType = file; path = putSound2.m4a; sourceTree = "<group>"; };
		1671A1722B74C638009A87A6 /* selectSound.m4a */ = {isa = PBXFileReference; lastKnownFileType = file; path = selectSound.m4a; sourceTree = "<group>"; };
		1671A1732B74C638009A87A6 /* putSound4.m4a */ = {isa = PBXFileReference; lastKnownFileType = file; path = putSound4.m4a; sourceTree = "<group>"; };
		1671A1742B74C639009A87A6 /* resetSound.m4a */ = {isa = PBXFileReference; lastKnownFileType = file; path = resetSound.m4a; sourceTree = "<group>"; };
		1671A17E2B74C7ED009A87A6 /* putSound1.m4a */ = {isa = PBXFileReference; lastKnownFileType = file; path = putSound1.m4a; sourceTree = "<group>"; };
		16780FF52B6881DB005A0244 /* FullSpaceView.swift */ = {isa = PBXFileReference; lastKnownFileType = sourcecode.swift; path = FullSpaceView.swift; sourceTree = "<group>"; };
		16780FF82B6892E9005A0244 /* Chessmen.swift */ = {isa = PBXFileReference; lastKnownFileType = sourcecode.swift; path = Chessmen.swift; sourceTree = "<group>"; };
		16780FFA2B689304005A0244 /* Chess.swift */ = {isa = PBXFileReference; lastKnownFileType = sourcecode.swift; path = Chess.swift; sourceTree = "<group>"; };
		16780FFC2B6893CF005A0244 /* Index.swift */ = {isa = PBXFileReference; lastKnownFileType = sourcecode.swift; path = Index.swift; sourceTree = "<group>"; };
		1685BE3A2B69CAE6005E944B /* PieceOpacitySystem.swift */ = {isa = PBXFileReference; lastKnownFileType = sourcecode.swift; path = PieceOpacitySystem.swift; sourceTree = "<group>"; };
		169333A12B75A7B500B60E0F /* ActivityState.swift */ = {isa = PBXFileReference; lastKnownFileType = sourcecode.swift; path = ActivityState.swift; sourceTree = "<group>"; };
		169B9E812B68BEA70025FCEB /* BoardView.swift */ = {isa = PBXFileReference; lastKnownFileType = sourcecode.swift; path = BoardView.swift; sourceTree = "<group>"; };
		169C001F2B4A9BE0001242F5 /* SpatiallyChess.app */ = {isa = PBXFileReference; explicitFileType = wrapper.application; includeInIndex = 0; path = SpatiallyChess.app; sourceTree = BUILT_PRODUCTS_DIR; };
		169C00262B4A9BE0001242F5 /* App.swift */ = {isa = PBXFileReference; lastKnownFileType = sourcecode.swift; path = App.swift; sourceTree = "<group>"; };
		169C00282B4A9BE0001242F5 /* ContentView(old).swift */ = {isa = PBXFileReference; lastKnownFileType = sourcecode.swift; path = "ContentView(old).swift"; sourceTree = "<group>"; };
		169C002A2B4A9BE2001242F5 /* Assets.xcassets */ = {isa = PBXFileReference; lastKnownFileType = folder.assetcatalog; path = Assets.xcassets; sourceTree = "<group>"; };
		169C002F2B4A9BE2001242F5 /* Info.plist */ = {isa = PBXFileReference; lastKnownFileType = text.plist.xml; path = Info.plist; sourceTree = "<group>"; };
		16AE50272B70FE3100D25197 /* SoundFeedback.swift */ = {isa = PBXFileReference; fileEncoding = 4; lastKnownFileType = sourcecode.swift; path = SoundFeedback.swift; sourceTree = "<group>"; };
		16CB3C8B2B7F8907001CA93D /* EntranceView.swift */ = {isa = PBXFileReference; lastKnownFileType = sourcecode.swift; path = EntranceView.swift; sourceTree = "<group>"; };
		16CB3C8E2B81881C001CA93D /* EntranceWindow.swift */ = {isa = PBXFileReference; lastKnownFileType = sourcecode.swift; path = EntranceWindow.swift; sourceTree = "<group>"; };
		16CB3C902B81B091001CA93D /* HallView.swift */ = {isa = PBXFileReference; lastKnownFileType = sourcecode.swift; path = HallView.swift; sourceTree = "<group>"; };
		16CB3C992B8200CE001CA93D /* EntrancePiecesView.swift */ = {isa = PBXFileReference; lastKnownFileType = sourcecode.swift; path = EntrancePiecesView.swift; sourceTree = "<group>"; };
		16EA6A652B6875CA00A3A740 /* rookW.reality */ = {isa = PBXFileReference; lastKnownFileType = file; path = rookW.reality; sourceTree = "<group>"; };
		16EA6A662B6875CA00A3A740 /* rookB.reality */ = {isa = PBXFileReference; lastKnownFileType = file; path = rookB.reality; sourceTree = "<group>"; };
		16EA6A672B6875CA00A3A740 /* bishopW.reality */ = {isa = PBXFileReference; lastKnownFileType = file; path = bishopW.reality; sourceTree = "<group>"; };
		16EA6A682B6875CA00A3A740 /* bishopB.reality */ = {isa = PBXFileReference; lastKnownFileType = file; path = bishopB.reality; sourceTree = "<group>"; };
		16EA6A692B6875CA00A3A740 /* queenW.reality */ = {isa = PBXFileReference; lastKnownFileType = file; path = queenW.reality; sourceTree = "<group>"; };
		16EA6A6A2B6875CA00A3A740 /* queenB.reality */ = {isa = PBXFileReference; lastKnownFileType = file; path = queenB.reality; sourceTree = "<group>"; };
		16EA6A6B2B6875CA00A3A740 /* knightB.reality */ = {isa = PBXFileReference; lastKnownFileType = file; path = knightB.reality; sourceTree = "<group>"; };
		16EA6A6C2B6875CA00A3A740 /* knightW.reality */ = {isa = PBXFileReference; lastKnownFileType = file; path = knightW.reality; sourceTree = "<group>"; };
		16EA6A6D2B6875CA00A3A740 /* kingW.reality */ = {isa = PBXFileReference; lastKnownFileType = file; path = kingW.reality; sourceTree = "<group>"; };
		16EA6A6E2B6875CA00A3A740 /* kingB.reality */ = {isa = PBXFileReference; lastKnownFileType = file; path = kingB.reality; sourceTree = "<group>"; };
		16EA6A6F2B6875CA00A3A740 /* pawnB.reality */ = {isa = PBXFileReference; lastKnownFileType = file; path = pawnB.reality; sourceTree = "<group>"; };
		16EA6A702B6875CA00A3A740 /* pawnW.reality */ = {isa = PBXFileReference; lastKnownFileType = file; path = pawnW.reality; sourceTree = "<group>"; };
		16EA6A7F2B68769C00A3A740 /* Side.swift */ = {isa = PBXFileReference; lastKnownFileType = sourcecode.swift; path = Side.swift; sourceTree = "<group>"; };
		16F972742B68B77C00711C53 /* Piece.swift */ = {isa = PBXFileReference; lastKnownFileType = sourcecode.swift; path = Piece.swift; sourceTree = "<group>"; };
		16F972762B68B7FB00711C53 /* FixedValue.swift */ = {isa = PBXFileReference; lastKnownFileType = sourcecode.swift; path = FixedValue.swift; sourceTree = "<group>"; };
/* End PBXFileReference section */

/* Begin PBXFrameworksBuildPhase section */
		16312B552B75D0FB006A93D1 /* Frameworks */ = {
			isa = PBXFrameworksBuildPhase;
			buildActionMask = 2147483647;
			files = (
			);
			runOnlyForDeploymentPostprocessing = 0;
		};
		169C001C2B4A9BE0001242F5 /* Frameworks */ = {
			isa = PBXFrameworksBuildPhase;
			buildActionMask = 2147483647;
			files = (
			);
			runOnlyForDeploymentPostprocessing = 0;
		};
/* End PBXFrameworksBuildPhase section */

/* Begin PBXGroup section */
		16312B592B75D0FB006A93D1 /* iOS for debug */ = {
			isa = PBXGroup;
			children = (
				16312B5A2B75D0FB006A93D1 /* iOS_for_debugApp.swift */,
				16312B5C2B75D0FB006A93D1 /* ContentView.swift */,
				1619D2492B834EA400F7FE0A /* FullScreenView.swift */,
				16312B732B75D45A006A93D1 /* ChessView.swift */,
				16312B752B75D45B006A93D1 /* ToolbarView.swift */,
				16312B742B75D45B006A93D1 /* SharePlayMenu.swift */,
				16312B5E2B75D0FD006A93D1 /* Assets.xcassets */,
				16312B812B75D581006A93D1 /* iOS for debug.entitlements */,
			);
			path = "iOS for debug";
			sourceTree = "<group>";
		};
		1671A1552B720659009A87A6 /* Supporting files */ = {
			isa = PBXGroup;
			children = (
				169C002A2B4A9BE2001242F5 /* Assets.xcassets */,
				169C002F2B4A9BE2001242F5 /* Info.plist */,
				165EC6A32B6914430005172B /* SpatiallyChess.entitlements */,
				16EA6A642B6875CA00A3A740 /* Piece assets */,
				1671A17D2B74C6B2009A87A6 /* Sound assets */,
				1671A1802B74D341009A87A6 /* Rest */,
			);
			path = "Supporting files";
			sourceTree = "<group>";
		};
		1671A1562B72069F009A87A6 /* README assets */ = {
			isa = PBXGroup;
			children = (
				1671A1622B7323C2009A87A6 /* icon.png */,
				1671A1572B7206BD009A87A6 /* appstore_badge.svg */,
			);
			path = "README assets";
			sourceTree = "<group>";
		};
		1671A1582B720747009A87A6 /* Rest */ = {
			isa = PBXGroup;
			children = (
				16F972762B68B7FB00711C53 /* FixedValue.swift */,
				16AE50272B70FE3100D25197 /* SoundFeedback.swift */,
			);
			path = Rest;
			sourceTree = "<group>";
		};
		1671A1662B74A013009A87A6 /* Toolbar */ = {
			isa = PBXGroup;
			children = (
				1671A1672B74A040009A87A6 /* ToolbarsView.swift */,
				161A740E2B6A4FC10057FD17 /* ToolbarView.swift */,
				1671A1642B749F2B009A87A6 /* ToolbarPosition.swift */,
			);
			path = Toolbar;
			sourceTree = "<group>";
		};
		1671A1692B74A866009A87A6 /* FullSpaceView */ = {
			isa = PBXGroup;
			children = (
				16780FF52B6881DB005A0244 /* FullSpaceView.swift */,
				1671A1592B720778009A87A6 /* ChessView.swift */,
				169B9E812B68BEA70025FCEB /* BoardView.swift */,
				165EC6A42B69153B0005172B /* SquareView.swift */,
				1671A1662B74A013009A87A6 /* Toolbar */,
				1671A16A2B74A872009A87A6 /* RealityKit scope */,
			);
			path = FullSpaceView;
			sourceTree = "<group>";
		};
		1671A16A2B74A872009A87A6 /* RealityKit scope */ = {
			isa = PBXGroup;
			children = (
				1671A1602B72354F009A87A6 /* PieceEntity.swift */,
				1685BE3A2B69CAE6005E944B /* PieceOpacitySystem.swift */,
			);
			path = "RealityKit scope";
			sourceTree = "<group>";
		};
		1671A16B2B74A89B009A87A6 /* SharePlay */ = {
			isa = PBXGroup;
			children = (
				165EC6A12B6913250005172B /* AppGroupActivity.swift */,
			);
			path = SharePlay;
			sourceTree = "<group>";
		};
		1671A16C2B74A8A5009A87A6 /* Model */ = {
			isa = PBXGroup;
			children = (
				169333A12B75A7B500B60E0F /* ActivityState.swift */,
				16780FFA2B689304005A0244 /* Chess.swift */,
				16F972742B68B77C00711C53 /* Piece.swift */,
				16780FFC2B6893CF005A0244 /* Index.swift */,
				16780FF82B6892E9005A0244 /* Chessmen.swift */,
				16EA6A7F2B68769C00A3A740 /* Side.swift */,
				165EC69F2B6901670005172B /* Action.swift */,
				1619D2452B8324C200F7FE0A /* PreferredScene.swift */,
			);
			path = Model;
			sourceTree = "<group>";
		};
		1671A17D2B74C6B2009A87A6 /* Sound assets */ = {
			isa = PBXGroup;
			children = (
				1671A17E2B74C7ED009A87A6 /* putSound1.m4a */,
				1671A1712B74C637009A87A6 /* putSound2.m4a */,
				1671A16D2B74C634009A87A6 /* putSound3.m4a */,
				1671A1732B74C638009A87A6 /* putSound4.m4a */,
				1671A16E2B74C635009A87A6 /* putSound5.m4a */,
				1671A16F2B74C635009A87A6 /* putSound6.m4a */,
				1671A1722B74C638009A87A6 /* selectSound.m4a */,
				1671A1742B74C639009A87A6 /* resetSound.m4a */,
			);
			path = "Sound assets";
			sourceTree = "<group>";
		};
		1671A1802B74D341009A87A6 /* Rest */ = {
			isa = PBXGroup;
			children = (
				1671A1562B72069F009A87A6 /* README assets */,
				16780FF72B6887B9005A0244 /* Archive */,
			);
			path = Rest;
			sourceTree = "<group>";
		};
		16780FF72B6887B9005A0244 /* Archive */ = {
			isa = PBXGroup;
			children = (
				169C00282B4A9BE0001242F5 /* ContentView(old).swift */,
				1601FEF72B4AA42D0050457E /* シンプルボード.reality */,
				1601FEF92B4AA43A0050457E /* 駒.reality */,
			);
			path = Archive;
			sourceTree = "<group>";
		};
		169C00162B4A9BE0001242F5 = {
			isa = PBXGroup;
			children = (
				166D208C2B71F6560000EAF6 /* README.md */,
				169C00212B4A9BE0001242F5 /* SpatiallyChess */,
				16312B592B75D0FB006A93D1 /* iOS for debug */,
				169C00202B4A9BE0001242F5 /* Products */,
			);
			sourceTree = "<group>";
		};
		169C00202B4A9BE0001242F5 /* Products */ = {
			isa = PBXGroup;
			children = (
				169C001F2B4A9BE0001242F5 /* SpatiallyChess.app */,
				16312B582B75D0FB006A93D1 /* iOS for debug.app */,
			);
			name = Products;
			sourceTree = "<group>";
		};
		169C00212B4A9BE0001242F5 /* SpatiallyChess */ = {
			isa = PBXGroup;
			children = (
				169C00262B4A9BE0001242F5 /* App.swift */,
				165EC69D2B68C5E30005172B /* AppModel.swift */,
				1671A16C2B74A8A5009A87A6 /* Model */,
				16CB3C882B7F88B4001CA93D /* Entrance */,
				1671A1692B74A866009A87A6 /* FullSpaceView */,
				1671A16B2B74A89B009A87A6 /* SharePlay */,
				1671A1582B720747009A87A6 /* Rest */,
				1671A1552B720659009A87A6 /* Supporting files */,
			);
			path = SpatiallyChess;
			sourceTree = "<group>";
		};
		16CB3C882B7F88B4001CA93D /* Entrance */ = {
			isa = PBXGroup;
			children = (
				16CB3C8E2B81881C001CA93D /* EntranceWindow.swift */,
				16CB3C8B2B7F8907001CA93D /* EntranceView.swift */,
				16CB3C992B8200CE001CA93D /* EntrancePiecesView.swift */,
				16CB3C902B81B091001CA93D /* HallView.swift */,
				16312B522B75BB52006A93D1 /* SharePlayMenu.swift */,
			);
			path = Entrance;
			sourceTree = "<group>";
		};
		16EA6A642B6875CA00A3A740 /* Piece assets */ = {
			isa = PBXGroup;
			children = (
				1671A1632B7324CA009A87A6 /* README.md */,
				16EA6A652B6875CA00A3A740 /* rookW.reality */,
				16EA6A662B6875CA00A3A740 /* rookB.reality */,
				16EA6A672B6875CA00A3A740 /* bishopW.reality */,
				16EA6A682B6875CA00A3A740 /* bishopB.reality */,
				16EA6A692B6875CA00A3A740 /* queenW.reality */,
				16EA6A6A2B6875CA00A3A740 /* queenB.reality */,
				16EA6A6B2B6875CA00A3A740 /* knightB.reality */,
				16EA6A6C2B6875CA00A3A740 /* knightW.reality */,
				16EA6A6D2B6875CA00A3A740 /* kingW.reality */,
				16EA6A6E2B6875CA00A3A740 /* kingB.reality */,
				16EA6A6F2B6875CA00A3A740 /* pawnB.reality */,
				16EA6A702B6875CA00A3A740 /* pawnW.reality */,
			);
			path = "Piece assets";
			sourceTree = "<group>";
		};
/* End PBXGroup section */

/* Begin PBXNativeTarget section */
		16312B572B75D0FB006A93D1 /* iOS for debug */ = {
			isa = PBXNativeTarget;
			buildConfigurationList = 16312B652B75D0FD006A93D1 /* Build configuration list for PBXNativeTarget "iOS for debug" */;
			buildPhases = (
				16312B542B75D0FB006A93D1 /* Sources */,
				16312B552B75D0FB006A93D1 /* Frameworks */,
				16312B562B75D0FB006A93D1 /* Resources */,
			);
			buildRules = (
			);
			dependencies = (
			);
			name = "iOS for debug";
			productName = "iOS for debug";
			productReference = 16312B582B75D0FB006A93D1 /* iOS for debug.app */;
			productType = "com.apple.product-type.application";
		};
		169C001E2B4A9BE0001242F5 /* SpatiallyChess */ = {
			isa = PBXNativeTarget;
			buildConfigurationList = 169C00322B4A9BE2001242F5 /* Build configuration list for PBXNativeTarget "SpatiallyChess" */;
			buildPhases = (
				169C001B2B4A9BE0001242F5 /* Sources */,
				169C001C2B4A9BE0001242F5 /* Frameworks */,
				169C001D2B4A9BE0001242F5 /* Resources */,
			);
			buildRules = (
			);
			dependencies = (
			);
			name = SpatiallyChess;
			packageProductDependencies = (
			);
			productName = SpatialChess;
			productReference = 169C001F2B4A9BE0001242F5 /* SpatiallyChess.app */;
			productType = "com.apple.product-type.application";
		};
/* End PBXNativeTarget section */

/* Begin PBXProject section */
		169C00172B4A9BE0001242F5 /* Project object */ = {
			isa = PBXProject;
			attributes = {
				BuildIndependentTargetsInParallel = 1;
				LastSwiftUpdateCheck = 1520;
				LastUpgradeCheck = 1520;
				TargetAttributes = {
					16312B572B75D0FB006A93D1 = {
						CreatedOnToolsVersion = 15.2;
					};
					169C001E2B4A9BE0001242F5 = {
						CreatedOnToolsVersion = 15.2;
					};
				};
			};
			buildConfigurationList = 169C001A2B4A9BE0001242F5 /* Build configuration list for PBXProject "SpatiallyChess" */;
			compatibilityVersion = "Xcode 14.0";
			developmentRegion = en;
			hasScannedForEncodings = 0;
			knownRegions = (
				en,
				Base,
			);
			mainGroup = 169C00162B4A9BE0001242F5;
			productRefGroup = 169C00202B4A9BE0001242F5 /* Products */;
			projectDirPath = "";
			projectRoot = "";
			targets = (
				169C001E2B4A9BE0001242F5 /* SpatiallyChess */,
				16312B572B75D0FB006A93D1 /* iOS for debug */,
			);
		};
/* End PBXProject section */

/* Begin PBXResourcesBuildPhase section */
		16312B562B75D0FB006A93D1 /* Resources */ = {
			isa = PBXResourcesBuildPhase;
			buildActionMask = 2147483647;
			files = (
				16312B5F2B75D0FD006A93D1 /* Assets.xcassets in Resources */,
				16312B7C2B75D570006A93D1 /* selectSound.m4a in Resources */,
				16312B7D2B75D570006A93D1 /* resetSound.m4a in Resources */,
				16312B7B2B75D570006A93D1 /* putSound6.m4a in Resources */,
				16312B7F2B75D570006A93D1 /* putSound5.m4a in Resources */,
				16312B7A2B75D570006A93D1 /* putSound2.m4a in Resources */,
				16312B792B75D570006A93D1 /* putSound4.m4a in Resources */,
				16312B802B75D570006A93D1 /* putSound3.m4a in Resources */,
				16312B7E2B75D570006A93D1 /* putSound1.m4a in Resources */,
			);
			runOnlyForDeploymentPostprocessing = 0;
		};
		169C001D2B4A9BE0001242F5 /* Resources */ = {
			isa = PBXResourcesBuildPhase;
			buildActionMask = 2147483647;
			files = (
				16EA6A772B6875CA00A3A740 /* knightB.reality in Resources */,
				16EA6A782B6875CA00A3A740 /* knightW.reality in Resources */,
				16EA6A7C2B6875CA00A3A740 /* pawnW.reality in Resources */,
				1601FEFA2B4AA43A0050457E /* 駒.reality in Resources */,
				16EA6A732B6875CA00A3A740 /* bishopW.reality in Resources */,
				1671A1792B74C63A009A87A6 /* putSound2.m4a in Resources */,
				169C002B2B4A9BE2001242F5 /* Assets.xcassets in Resources */,
				1671A1752B74C63A009A87A6 /* putSound3.m4a in Resources */,
				16EA6A7B2B6875CA00A3A740 /* pawnB.reality in Resources */,
				16EA6A792B6875CA00A3A740 /* kingW.reality in Resources */,
				1671A1772B74C63A009A87A6 /* putSound6.m4a in Resources */,
				16EA6A752B6875CA00A3A740 /* queenW.reality in Resources */,
				1601FEF82B4AA42D0050457E /* シンプルボード.reality in Resources */,
				1671A1762B74C63A009A87A6 /* putSound5.m4a in Resources */,
				1671A17C2B74C63A009A87A6 /* resetSound.m4a in Resources */,
				16EA6A722B6875CA00A3A740 /* rookB.reality in Resources */,
				1671A17A2B74C63A009A87A6 /* selectSound.m4a in Resources */,
				16EA6A742B6875CA00A3A740 /* bishopB.reality in Resources */,
				16EA6A7A2B6875CA00A3A740 /* kingB.reality in Resources */,
				1671A17F2B74C7ED009A87A6 /* putSound1.m4a in Resources */,
				16EA6A762B6875CA00A3A740 /* queenB.reality in Resources */,
				16EA6A712B6875CA00A3A740 /* rookW.reality in Resources */,
				1671A17B2B74C63A009A87A6 /* putSound4.m4a in Resources */,
			);
			runOnlyForDeploymentPostprocessing = 0;
		};
/* End PBXResourcesBuildPhase section */

/* Begin PBXSourcesBuildPhase section */
		16312B542B75D0FB006A93D1 /* Sources */ = {
			isa = PBXSourcesBuildPhase;
			buildActionMask = 2147483647;
			files = (
				1619D2482B834AA500F7FE0A /* ToolbarPosition.swift in Sources */,
				16312B6C2B75D193006A93D1 /* AppGroupActivity.swift in Sources */,
				16312B6F2B75D193006A93D1 /* Action.swift in Sources */,
				16312B692B75D193006A93D1 /* Chess.swift in Sources */,
				16312B6D2B75D193006A93D1 /* Side.swift in Sources */,
				1619D2472B8324D900F7FE0A /* PreferredScene.swift in Sources */,
				16312B6E2B75D193006A93D1 /* Index.swift in Sources */,
				16312B722B75D201006A93D1 /* PieceEntity.swift in Sources */,
				16312B672B75D193006A93D1 /* Piece.swift in Sources */,
				16312B682B75D193006A93D1 /* ActivityState.swift in Sources */,
				16312B702B75D1B9006A93D1 /* AppModel.swift in Sources */,
				16312B662B75D193006A93D1 /* FixedValue.swift in Sources */,
				16312B6B2B75D193006A93D1 /* SoundFeedback.swift in Sources */,
				1619D24A2B834EA400F7FE0A /* FullScreenView.swift in Sources */,
				16312B762B75D45B006A93D1 /* ChessView.swift in Sources */,
				16312B772B75D45B006A93D1 /* SharePlayMenu.swift in Sources */,
				16312B5D2B75D0FB006A93D1 /* ContentView.swift in Sources */,
				16312B782B75D45B006A93D1 /* ToolbarView.swift in Sources */,
				16312B6A2B75D193006A93D1 /* Chessmen.swift in Sources */,
				16312B5B2B75D0FB006A93D1 /* iOS_for_debugApp.swift in Sources */,
			);
			runOnlyForDeploymentPostprocessing = 0;
		};
		169C001B2B4A9BE0001242F5 /* Sources */ = {
			isa = PBXSourcesBuildPhase;
			buildActionMask = 2147483647;
			files = (
				16CB3C8C2B7F8907001CA93D /* EntranceView.swift in Sources */,
				1671A1652B749F2B009A87A6 /* ToolbarPosition.swift in Sources */,
				16CB3C912B81B091001CA93D /* HallView.swift in Sources */,
				1671A15A2B720779009A87A6 /* ChessView.swift in Sources */,
				169B9E822B68BEA80025FCEB /* BoardView.swift in Sources */,
				165EC6A22B6913260005172B /* AppGroupActivity.swift in Sources */,
				165EC6A02B6901670005172B /* Action.swift in Sources */,
				1671A1612B723550009A87A6 /* PieceEntity.swift in Sources */,
				16CB3C8F2B81881C001CA93D /* EntranceWindow.swift in Sources */,
				16312B532B75BB52006A93D1 /* SharePlayMenu.swift in Sources */,
				16780FFB2B689304005A0244 /* Chess.swift in Sources */,
				16F972752B68B77C00711C53 /* Piece.swift in Sources */,
				16AE50282B70FE3200D25197 /* SoundFeedback.swift in Sources */,
				1619D2462B8324C200F7FE0A /* PreferredScene.swift in Sources */,
				1671A1682B74A040009A87A6 /* ToolbarsView.swift in Sources */,
				165EC6A52B69153B0005172B /* SquareView.swift in Sources */,
				16CB3C9A2B8200CE001CA93D /* EntrancePiecesView.swift in Sources */,
				16780FF62B6881DB005A0244 /* FullSpaceView.swift in Sources */,
				1685BE3B2B69CAE6005E944B /* PieceOpacitySystem.swift in Sources */,
				169333A22B75A7B500B60E0F /* ActivityState.swift in Sources */,
				16F972772B68B7FB00711C53 /* FixedValue.swift in Sources */,
				161A740F2B6A4FC10057FD17 /* ToolbarView.swift in Sources */,
				169C00272B4A9BE0001242F5 /* App.swift in Sources */,
				165EC69E2B68C5E40005172B /* AppModel.swift in Sources */,
				16780FF92B6892E9005A0244 /* Chessmen.swift in Sources */,
				16EA6A802B68769C00A3A740 /* Side.swift in Sources */,
				16780FFD2B6893CF005A0244 /* Index.swift in Sources */,
			);
			runOnlyForDeploymentPostprocessing = 0;
		};
/* End PBXSourcesBuildPhase section */

/* Begin XCBuildConfiguration section */
		16312B632B75D0FD006A93D1 /* Debug */ = {
			isa = XCBuildConfiguration;
			buildSettings = {
				ASSETCATALOG_COMPILER_APPICON_NAME = AppIcon;
				ASSETCATALOG_COMPILER_GLOBAL_ACCENT_COLOR_NAME = AccentColor;
				CODE_SIGN_ENTITLEMENTS = "iOS for debug/iOS for debug.entitlements";
				CODE_SIGN_STYLE = Automatic;
				CURRENT_PROJECT_VERSION = 1;
				DEVELOPMENT_ASSET_PATHS = "";
				DEVELOPMENT_TEAM = 6696GEY228;
				ENABLE_PREVIEWS = YES;
				GENERATE_INFOPLIST_FILE = YES;
				INFOPLIST_KEY_UIApplicationSceneManifest_Generation = YES;
				INFOPLIST_KEY_UIApplicationSupportsIndirectInputEvents = YES;
				INFOPLIST_KEY_UILaunchScreen_Generation = YES;
				INFOPLIST_KEY_UISupportedInterfaceOrientations_iPad = "UIInterfaceOrientationPortrait UIInterfaceOrientationPortraitUpsideDown UIInterfaceOrientationLandscapeLeft UIInterfaceOrientationLandscapeRight";
				INFOPLIST_KEY_UISupportedInterfaceOrientations_iPhone = "UIInterfaceOrientationPortrait UIInterfaceOrientationLandscapeLeft UIInterfaceOrientationLandscapeRight";
				IPHONEOS_DEPLOYMENT_TARGET = 17.2;
				LD_RUNPATH_SEARCH_PATHS = (
					"$(inherited)",
					"@executable_path/Frameworks",
				);
				MARKETING_VERSION = 1.0;
				PRODUCT_BUNDLE_IDENTIFIER = net.aaaakkkkssssttttnnnn.SpatiallyChess;
				PRODUCT_NAME = "$(TARGET_NAME)";
				SDKROOT = iphoneos;
				SWIFT_EMIT_LOC_STRINGS = YES;
				SWIFT_VERSION = 5.0;
				TARGETED_DEVICE_FAMILY = "1,2";
			};
			name = Debug;
		};
		16312B642B75D0FD006A93D1 /* Release */ = {
			isa = XCBuildConfiguration;
			buildSettings = {
				ASSETCATALOG_COMPILER_APPICON_NAME = AppIcon;
				ASSETCATALOG_COMPILER_GLOBAL_ACCENT_COLOR_NAME = AccentColor;
				CODE_SIGN_ENTITLEMENTS = "iOS for debug/iOS for debug.entitlements";
				CODE_SIGN_STYLE = Automatic;
				CURRENT_PROJECT_VERSION = 1;
				DEVELOPMENT_ASSET_PATHS = "";
				DEVELOPMENT_TEAM = 6696GEY228;
				ENABLE_PREVIEWS = YES;
				GENERATE_INFOPLIST_FILE = YES;
				INFOPLIST_KEY_UIApplicationSceneManifest_Generation = YES;
				INFOPLIST_KEY_UIApplicationSupportsIndirectInputEvents = YES;
				INFOPLIST_KEY_UILaunchScreen_Generation = YES;
				INFOPLIST_KEY_UISupportedInterfaceOrientations_iPad = "UIInterfaceOrientationPortrait UIInterfaceOrientationPortraitUpsideDown UIInterfaceOrientationLandscapeLeft UIInterfaceOrientationLandscapeRight";
				INFOPLIST_KEY_UISupportedInterfaceOrientations_iPhone = "UIInterfaceOrientationPortrait UIInterfaceOrientationLandscapeLeft UIInterfaceOrientationLandscapeRight";
				IPHONEOS_DEPLOYMENT_TARGET = 17.2;
				LD_RUNPATH_SEARCH_PATHS = (
					"$(inherited)",
					"@executable_path/Frameworks",
				);
				MARKETING_VERSION = 1.0;
				PRODUCT_BUNDLE_IDENTIFIER = net.aaaakkkkssssttttnnnn.SpatiallyChess;
				PRODUCT_NAME = "$(TARGET_NAME)";
				SDKROOT = iphoneos;
				SWIFT_EMIT_LOC_STRINGS = YES;
				SWIFT_VERSION = 5.0;
				TARGETED_DEVICE_FAMILY = "1,2";
			};
			name = Release;
		};
		169C00302B4A9BE2001242F5 /* Debug */ = {
			isa = XCBuildConfiguration;
			buildSettings = {
				ALWAYS_SEARCH_USER_PATHS = NO;
				ASSETCATALOG_COMPILER_GENERATE_SWIFT_ASSET_SYMBOL_EXTENSIONS = YES;
				CLANG_ANALYZER_NONNULL = YES;
				CLANG_ANALYZER_NUMBER_OBJECT_CONVERSION = YES_AGGRESSIVE;
				CLANG_CXX_LANGUAGE_STANDARD = "gnu++20";
				CLANG_ENABLE_MODULES = YES;
				CLANG_ENABLE_OBJC_ARC = YES;
				CLANG_ENABLE_OBJC_WEAK = YES;
				CLANG_WARN_BLOCK_CAPTURE_AUTORELEASING = YES;
				CLANG_WARN_BOOL_CONVERSION = YES;
				CLANG_WARN_COMMA = YES;
				CLANG_WARN_CONSTANT_CONVERSION = YES;
				CLANG_WARN_DEPRECATED_OBJC_IMPLEMENTATIONS = YES;
				CLANG_WARN_DIRECT_OBJC_ISA_USAGE = YES_ERROR;
				CLANG_WARN_DOCUMENTATION_COMMENTS = YES;
				CLANG_WARN_EMPTY_BODY = YES;
				CLANG_WARN_ENUM_CONVERSION = YES;
				CLANG_WARN_INFINITE_RECURSION = YES;
				CLANG_WARN_INT_CONVERSION = YES;
				CLANG_WARN_NON_LITERAL_NULL_CONVERSION = YES;
				CLANG_WARN_OBJC_IMPLICIT_RETAIN_SELF = YES;
				CLANG_WARN_OBJC_LITERAL_CONVERSION = YES;
				CLANG_WARN_OBJC_ROOT_CLASS = YES_ERROR;
				CLANG_WARN_QUOTED_INCLUDE_IN_FRAMEWORK_HEADER = YES;
				CLANG_WARN_RANGE_LOOP_ANALYSIS = YES;
				CLANG_WARN_STRICT_PROTOTYPES = YES;
				CLANG_WARN_SUSPICIOUS_MOVE = YES;
				CLANG_WARN_UNGUARDED_AVAILABILITY = YES_AGGRESSIVE;
				CLANG_WARN_UNREACHABLE_CODE = YES;
				CLANG_WARN__DUPLICATE_METHOD_MATCH = YES;
				COPY_PHASE_STRIP = NO;
				DEBUG_INFORMATION_FORMAT = dwarf;
				ENABLE_STRICT_OBJC_MSGSEND = YES;
				ENABLE_TESTABILITY = YES;
				ENABLE_USER_SCRIPT_SANDBOXING = YES;
				GCC_C_LANGUAGE_STANDARD = gnu17;
				GCC_DYNAMIC_NO_PIC = NO;
				GCC_NO_COMMON_BLOCKS = YES;
				GCC_OPTIMIZATION_LEVEL = 0;
				GCC_PREPROCESSOR_DEFINITIONS = (
					"DEBUG=1",
					"$(inherited)",
				);
				GCC_WARN_64_TO_32_BIT_CONVERSION = YES;
				GCC_WARN_ABOUT_RETURN_TYPE = YES_ERROR;
				GCC_WARN_UNDECLARED_SELECTOR = YES;
				GCC_WARN_UNINITIALIZED_AUTOS = YES_AGGRESSIVE;
				GCC_WARN_UNUSED_FUNCTION = YES;
				GCC_WARN_UNUSED_VARIABLE = YES;
				LOCALIZATION_PREFERS_STRING_CATALOGS = YES;
				MTL_ENABLE_DEBUG_INFO = INCLUDE_SOURCE;
				MTL_FAST_MATH = YES;
				ONLY_ACTIVE_ARCH = YES;
				SDKROOT = xros;
				SWIFT_ACTIVE_COMPILATION_CONDITIONS = "DEBUG $(inherited)";
				SWIFT_OPTIMIZATION_LEVEL = "-Onone";
				XROS_DEPLOYMENT_TARGET = 1.0;
			};
			name = Debug;
		};
		169C00312B4A9BE2001242F5 /* Release */ = {
			isa = XCBuildConfiguration;
			buildSettings = {
				ALWAYS_SEARCH_USER_PATHS = NO;
				ASSETCATALOG_COMPILER_GENERATE_SWIFT_ASSET_SYMBOL_EXTENSIONS = YES;
				CLANG_ANALYZER_NONNULL = YES;
				CLANG_ANALYZER_NUMBER_OBJECT_CONVERSION = YES_AGGRESSIVE;
				CLANG_CXX_LANGUAGE_STANDARD = "gnu++20";
				CLANG_ENABLE_MODULES = YES;
				CLANG_ENABLE_OBJC_ARC = YES;
				CLANG_ENABLE_OBJC_WEAK = YES;
				CLANG_WARN_BLOCK_CAPTURE_AUTORELEASING = YES;
				CLANG_WARN_BOOL_CONVERSION = YES;
				CLANG_WARN_COMMA = YES;
				CLANG_WARN_CONSTANT_CONVERSION = YES;
				CLANG_WARN_DEPRECATED_OBJC_IMPLEMENTATIONS = YES;
				CLANG_WARN_DIRECT_OBJC_ISA_USAGE = YES_ERROR;
				CLANG_WARN_DOCUMENTATION_COMMENTS = YES;
				CLANG_WARN_EMPTY_BODY = YES;
				CLANG_WARN_ENUM_CONVERSION = YES;
				CLANG_WARN_INFINITE_RECURSION = YES;
				CLANG_WARN_INT_CONVERSION = YES;
				CLANG_WARN_NON_LITERAL_NULL_CONVERSION = YES;
				CLANG_WARN_OBJC_IMPLICIT_RETAIN_SELF = YES;
				CLANG_WARN_OBJC_LITERAL_CONVERSION = YES;
				CLANG_WARN_OBJC_ROOT_CLASS = YES_ERROR;
				CLANG_WARN_QUOTED_INCLUDE_IN_FRAMEWORK_HEADER = YES;
				CLANG_WARN_RANGE_LOOP_ANALYSIS = YES;
				CLANG_WARN_STRICT_PROTOTYPES = YES;
				CLANG_WARN_SUSPICIOUS_MOVE = YES;
				CLANG_WARN_UNGUARDED_AVAILABILITY = YES_AGGRESSIVE;
				CLANG_WARN_UNREACHABLE_CODE = YES;
				CLANG_WARN__DUPLICATE_METHOD_MATCH = YES;
				COPY_PHASE_STRIP = NO;
				DEBUG_INFORMATION_FORMAT = "dwarf-with-dsym";
				ENABLE_NS_ASSERTIONS = NO;
				ENABLE_STRICT_OBJC_MSGSEND = YES;
				ENABLE_USER_SCRIPT_SANDBOXING = YES;
				GCC_C_LANGUAGE_STANDARD = gnu17;
				GCC_NO_COMMON_BLOCKS = YES;
				GCC_WARN_64_TO_32_BIT_CONVERSION = YES;
				GCC_WARN_ABOUT_RETURN_TYPE = YES_ERROR;
				GCC_WARN_UNDECLARED_SELECTOR = YES;
				GCC_WARN_UNINITIALIZED_AUTOS = YES_AGGRESSIVE;
				GCC_WARN_UNUSED_FUNCTION = YES;
				GCC_WARN_UNUSED_VARIABLE = YES;
				LOCALIZATION_PREFERS_STRING_CATALOGS = YES;
				MTL_ENABLE_DEBUG_INFO = NO;
				MTL_FAST_MATH = YES;
				SDKROOT = xros;
				SWIFT_COMPILATION_MODE = wholemodule;
				VALIDATE_PRODUCT = YES;
				XROS_DEPLOYMENT_TARGET = 1.0;
			};
			name = Release;
		};
		169C00332B4A9BE2001242F5 /* Debug */ = {
			isa = XCBuildConfiguration;
			buildSettings = {
				ASSETCATALOG_COMPILER_APPICON_NAME = AppIcon;
				ASSETCATALOG_COMPILER_GLOBAL_ACCENT_COLOR_NAME = AccentColor;
				CODE_SIGN_ENTITLEMENTS = "SpatiallyChess/Supporting files/SpatiallyChess.entitlements";
				CODE_SIGN_STYLE = Automatic;
				CURRENT_PROJECT_VERSION = 1;
				DEVELOPMENT_ASSET_PATHS = "";
				DEVELOPMENT_TEAM = 6696GEY228;
				ENABLE_PREVIEWS = YES;
				GENERATE_INFOPLIST_FILE = YES;
				INFOPLIST_FILE = "$(TARGET_NAME)/Supporting files/Info.plist";
				INFOPLIST_KEY_LSApplicationCategoryType = "public.app-category.board-games";
				LD_RUNPATH_SEARCH_PATHS = (
					"$(inherited)",
					"@executable_path/Frameworks",
				);
				MARKETING_VERSION = 1.0;
				PRODUCT_BUNDLE_IDENTIFIER = net.aaaakkkkssssttttnnnn.SpatiallyChess;
				PRODUCT_NAME = "$(TARGET_NAME)";
				SUPPORTED_PLATFORMS = "xros xrsimulator";
				SWIFT_EMIT_LOC_STRINGS = YES;
				SWIFT_VERSION = 5.0;
				TARGETED_DEVICE_FAMILY = "1,2,7";
			};
			name = Debug;
		};
		169C00342B4A9BE2001242F5 /* Release */ = {
			isa = XCBuildConfiguration;
			buildSettings = {
				ASSETCATALOG_COMPILER_APPICON_NAME = AppIcon;
				ASSETCATALOG_COMPILER_GLOBAL_ACCENT_COLOR_NAME = AccentColor;
				CODE_SIGN_ENTITLEMENTS = "SpatiallyChess/Supporting files/SpatiallyChess.entitlements";
				CODE_SIGN_STYLE = Automatic;
				CURRENT_PROJECT_VERSION = 1;
				DEVELOPMENT_ASSET_PATHS = "";
				DEVELOPMENT_TEAM = 6696GEY228;
				ENABLE_PREVIEWS = YES;
				GENERATE_INFOPLIST_FILE = YES;
				INFOPLIST_FILE = "$(TARGET_NAME)/Supporting files/Info.plist";
				INFOPLIST_KEY_LSApplicationCategoryType = "public.app-category.board-games";
				LD_RUNPATH_SEARCH_PATHS = (
					"$(inherited)",
					"@executable_path/Frameworks",
				);
				MARKETING_VERSION = 1.0;
				PRODUCT_BUNDLE_IDENTIFIER = net.aaaakkkkssssttttnnnn.SpatiallyChess;
				PRODUCT_NAME = "$(TARGET_NAME)";
				SUPPORTED_PLATFORMS = "xros xrsimulator";
				SWIFT_EMIT_LOC_STRINGS = YES;
				SWIFT_VERSION = 5.0;
				TARGETED_DEVICE_FAMILY = "1,2,7";
			};
			name = Release;
		};
/* End XCBuildConfiguration section */

/* Begin XCConfigurationList section */
		16312B652B75D0FD006A93D1 /* Build configuration list for PBXNativeTarget "iOS for debug" */ = {
			isa = XCConfigurationList;
			buildConfigurations = (
				16312B632B75D0FD006A93D1 /* Debug */,
				16312B642B75D0FD006A93D1 /* Release */,
			);
			defaultConfigurationIsVisible = 0;
			defaultConfigurationName = Release;
		};
		169C001A2B4A9BE0001242F5 /* Build configuration list for PBXProject "SpatiallyChess" */ = {
			isa = XCConfigurationList;
			buildConfigurations = (
				169C00302B4A9BE2001242F5 /* Debug */,
				169C00312B4A9BE2001242F5 /* Release */,
			);
			defaultConfigurationIsVisible = 0;
			defaultConfigurationName = Release;
		};
		169C00322B4A9BE2001242F5 /* Build configuration list for PBXNativeTarget "SpatiallyChess" */ = {
			isa = XCConfigurationList;
			buildConfigurations = (
				169C00332B4A9BE2001242F5 /* Debug */,
				169C00342B4A9BE2001242F5 /* Release */,
			);
			defaultConfigurationIsVisible = 0;
			defaultConfigurationName = Release;
		};
/* End XCConfigurationList section */
	};
	rootObject = 169C00172B4A9BE0001242F5 /* Project object */;
}
